# This file is automatically @generated by Poetry 1.8.3 and should not be changed by hand.

[[package]]
name = "beets"
version = "2.0.0"
description = "music tagger and library organizer"
optional = false
python-versions = "*"
files = [
    {file = "beets-2.0.0-py3-none-any.whl", hash = "sha256:6fe596f578ce50652fc634d399af67bc0450b325c349989af781805599fcedb3"},
    {file = "beets-2.0.0.tar.gz", hash = "sha256:3b1172b5bc3729e33a6ea4689f7d0236682bf828c67196b6a260f0389cb1f8cf"},
]

[package.dependencies]
confuse = ">=1.5.0"
jellyfish = "*"
mediafile = ">=0.12.0"
munkres = ">=1.0.0"
musicbrainzngs = ">=0.4"
pyyaml = "*"
typing-extensions = "*"
unidecode = ">=1.3.6"

[package.extras]
absubmit = ["requests"]
beatport = ["requests-oauthlib (>=0.6.1)"]
bpd = ["PyGObject"]
chroma = ["pyacoustid"]
discogs = ["python3-discogs-client (>=2.3.15)"]
docs = ["pydata-sphinx-theme", "sphinx"]
embedart = ["Pillow"]
embyupdate = ["requests"]
fetchart = ["Pillow", "beautifulsoup4", "requests"]
import = ["py7zr", "rarfile"]
kodiupdate = ["requests"]
lastgenre = ["pylast"]
lastimport = ["pylast"]
lint = ["flake8", "flake8-docstrings", "pep8-naming"]
lyrics = ["beautifulsoup4", "langdetect", "requests"]
metasync = ["dbus-python"]
mpdstats = ["python-mpd2 (>=0.4.2)"]
mypy = ["mypy", "types-Flask-Cors", "types-Pillow", "types-PyYAML", "types-beautifulsoup4", "types-requests", "types-urllib3"]
plexupdate = ["requests"]
reflink = ["reflink"]
replaygain = ["PyGObject"]
scrub = ["mutagen (>=1.33)"]
sonosupdate = ["soco"]
test = ["beautifulsoup4", "flask", "mock", "py7zr", "pylast", "pytest", "pytest-cov", "python-mpd2", "python3-discogs-client (>=2.3.15)", "pyxdg", "rarfile", "reflink", "requests-oauthlib", "responses (>=0.3.0)"]
thumbnails = ["Pillow", "pyxdg"]
web = ["flask", "flask-cors"]

[[package]]
name = "colorama"
version = "0.4.6"
description = "Cross-platform colored terminal text."
optional = false
python-versions = "!=3.0.*,!=3.1.*,!=3.2.*,!=3.3.*,!=3.4.*,!=3.5.*,!=3.6.*,>=2.7"
files = [
    {file = "colorama-0.4.6-py2.py3-none-any.whl", hash = "sha256:4f1d9991f5acc0ca119f9d443620b77f9d6b33703e51011c16baf57afb285fc6"},
    {file = "colorama-0.4.6.tar.gz", hash = "sha256:08695f5cb7ed6e0531a20572697297273c47b8cae5a63ffc6d6ed5c201be6e44"},
]

[[package]]
name = "confuse"
version = "2.0.1"
description = "Painless YAML configuration."
optional = false
python-versions = ">=3.6"
files = [
    {file = "confuse-2.0.1-py3-none-any.whl", hash = "sha256:9b9e5bbc70e2cb9b318bcab14d917ec88e21bf1b724365e3815eb16e37aabd2a"},
    {file = "confuse-2.0.1.tar.gz", hash = "sha256:7379a2ad49aaa862b79600cc070260c1b7974d349f4fa5e01f9afa6c4dd0611f"},
]

[package.dependencies]
pyyaml = "*"

[[package]]
name = "exceptiongroup"
version = "1.2.2"
description = "Backport of PEP 654 (exception groups)"
optional = false
python-versions = ">=3.7"
files = [
    {file = "exceptiongroup-1.2.2-py3-none-any.whl", hash = "sha256:3111b9d131c238bec2f8f516e123e14ba243563fb135d3fe885990585aa7795b"},
    {file = "exceptiongroup-1.2.2.tar.gz", hash = "sha256:47c2edf7c6738fafb49fd34290706d1a1a2f4d1c6df275526b62cbb4aa5393cc"},
]

[package.extras]
test = ["pytest (>=6)"]

[[package]]
name = "iniconfig"
version = "2.0.0"
description = "brain-dead simple config-ini parsing"
optional = false
python-versions = ">=3.7"
files = [
    {file = "iniconfig-2.0.0-py3-none-any.whl", hash = "sha256:b6a85871a79d2e3b22d2d1b94ac2824226a63c6b741c88f7ae975f18b6778374"},
    {file = "iniconfig-2.0.0.tar.gz", hash = "sha256:2d91e135bf72d31a410b17c16da610a82cb55f6b0477d1a902134b24a455b8b3"},
]

[[package]]
name = "jellyfish"
version = "1.1.0"
description = "Approximate and phonetic matching of strings."
optional = false
python-versions = ">=3.7"
files = [
    {file = "jellyfish-1.1.0-cp310-cp310-macosx_10_12_x86_64.whl", hash = "sha256:feb1fa5838f2bb6dbc9f6d07dabf4b9d91e130b289d72bd70dc33b651667688f"},
    {file = "jellyfish-1.1.0-cp310-cp310-macosx_11_0_arm64.whl", hash = "sha256:623fa58cca9b8e594a46e7b9cf3af629588a202439d97580a153d6af24736a1b"},
    {file = "jellyfish-1.1.0-cp310-cp310-manylinux_2_17_aarch64.manylinux2014_aarch64.whl", hash = "sha256:a87e4a17006f7cdd7027a053aeeaacfb0b3366955e242cd5b74bbf882bafe022"},
    {file = "jellyfish-1.1.0-cp310-cp310-manylinux_2_17_armv7l.manylinux2014_armv7l.whl", hash = "sha256:f10fa36491840bda29f2164cc49e61244ea27c5db5a66aaa437724f5626f5610"},
    {file = "jellyfish-1.1.0-cp310-cp310-manylinux_2_17_x86_64.manylinux2014_x86_64.whl", hash = "sha256:24f91daaa515284cdb691b1e01b0f91f9c9e51e685420725a1ded4f54d5376ff"},
    {file = "jellyfish-1.1.0-cp310-cp310-musllinux_1_1_aarch64.whl", hash = "sha256:65e58350618ebb1488246998a7356a8c9a7c839ec3ecfe936df55be6776fc173"},
    {file = "jellyfish-1.1.0-cp310-cp310-musllinux_1_1_i686.whl", hash = "sha256:5c5ed62b23093b11de130c3fe1b381a2d3bfaf086757fa21341ac6f30a353e92"},
    {file = "jellyfish-1.1.0-cp310-cp310-musllinux_1_1_x86_64.whl", hash = "sha256:c42aa02e791d3e5a8fc6a96bec9f64ebbb2afef27b01eca201b56132e3d0c64e"},
    {file = "jellyfish-1.1.0-cp310-none-win32.whl", hash = "sha256:84680353261161c627cbdd622ea4243e3d3da75894bfacc2f3fcbbe56e8e59d4"},
    {file = "jellyfish-1.1.0-cp310-none-win_amd64.whl", hash = "sha256:017c794b89d827d0306cb056fc5fbd040ff558a90ff0e68a6b60d6e6ba661fe3"},
    {file = "jellyfish-1.1.0-cp311-cp311-macosx_10_12_x86_64.whl", hash = "sha256:fed2e4ecf9b4995d2aa771453d0a0fdf47a5e1b13dbd74b98a30cb0070ede30c"},
    {file = "jellyfish-1.1.0-cp311-cp311-macosx_11_0_arm64.whl", hash = "sha256:61a382ba8a3d3cd0bd50029062d54d3a0726679be248789fef6a3901eee47a60"},
    {file = "jellyfish-1.1.0-cp311-cp311-manylinux_2_17_aarch64.manylinux2014_aarch64.whl", hash = "sha256:0a4b526ed2080b97431454075c46c19baddc944e95cc605248e32a2a07be231e"},
    {file = "jellyfish-1.1.0-cp311-cp311-manylinux_2_17_armv7l.manylinux2014_armv7l.whl", hash = "sha256:0fa7450c3217724b73099cb18ee594926fcbc1cc4d9964350f31a4c1dc267b35"},
    {file = "jellyfish-1.1.0-cp311-cp311-manylinux_2_17_x86_64.manylinux2014_x86_64.whl", hash = "sha256:33ebb6e9647d5d52f4d461a163449f6d1c73f1a80ccbe98bb17efac0062a6423"},
    {file = "jellyfish-1.1.0-cp311-cp311-musllinux_1_1_aarch64.whl", hash = "sha256:759172602343115f910d7c63b39239051e32425115bc31ab4dafdaf6177f880c"},
    {file = "jellyfish-1.1.0-cp311-cp311-musllinux_1_1_i686.whl", hash = "sha256:273fdc362ccdb09259eec9bc4abdc2467d9a54bd94d05ae22e71423dd1357255"},
    {file = "jellyfish-1.1.0-cp311-cp311-musllinux_1_1_x86_64.whl", hash = "sha256:bd5c335f8d762447691dc0572f4eaf0cfdfbfffb6dce740341425ab1b32134ff"},
    {file = "jellyfish-1.1.0-cp311-none-win32.whl", hash = "sha256:cc16a60a42f1541ad9c13c72c797107388227f01189aa3c0ec7ee9b939e57ea8"},
    {file = "jellyfish-1.1.0-cp311-none-win_amd64.whl", hash = "sha256:95dfe61eabf360a92e6d76d1c4dbafa29bcb3f70e2ad7354de2661141fcce038"},
    {file = "jellyfish-1.1.0-cp312-cp312-macosx_10_12_x86_64.whl", hash = "sha256:828a7000d369cbd4d812b88510c01fdab20b73dc54c63cdbe03bdff67ab362d0"},
    {file = "jellyfish-1.1.0-cp312-cp312-macosx_11_0_arm64.whl", hash = "sha256:e250dc1074d730a03c96ac9dfce44716cf45e0e2825cbddaf32a015cdf9cf594"},
    {file = "jellyfish-1.1.0-cp312-cp312-manylinux_2_17_aarch64.manylinux2014_aarch64.whl", hash = "sha256:87dc2a82c45b773a579fb695a5956a54106c1187f27c9ccee8508726d2e59cfc"},
    {file = "jellyfish-1.1.0-cp312-cp312-manylinux_2_17_armv7l.manylinux2014_armv7l.whl", hash = "sha256:e41677ec860454da5977c698fc64fed73b4054a92c5c62ba7d1af535f8082ac7"},
    {file = "jellyfish-1.1.0-cp312-cp312-manylinux_2_17_x86_64.manylinux2014_x86_64.whl", hash = "sha256:e9d4002d01252f18eb26f28b66f6c9ce0696221804d8769553c5912b2f221a18"},
    {file = "jellyfish-1.1.0-cp312-cp312-musllinux_1_1_aarch64.whl", hash = "sha256:936df26c10ca6cd6b4f0fb97753087354c568e2129c197cbb4e0f0172db7511f"},
    {file = "jellyfish-1.1.0-cp312-cp312-musllinux_1_1_i686.whl", hash = "sha256:684c2093fa0d68a91146e15a1e9ca859259b19d3bc36ec4d60948d86751f744e"},
    {file = "jellyfish-1.1.0-cp312-cp312-musllinux_1_1_x86_64.whl", hash = "sha256:2fcaefebe9d67f282d89d3a66646b77184a42b3eca2771636789b2dc1288c003"},
    {file = "jellyfish-1.1.0-cp312-none-win32.whl", hash = "sha256:e512c99941a257541ffd9f75c7a5c4689de0206841b72f1eb015599d17fed2c3"},
    {file = "jellyfish-1.1.0-cp312-none-win_amd64.whl", hash = "sha256:2b928bad2887c662783a4d9b5828ed1fa0e943f680589f7fc002c456fc02e184"},
    {file = "jellyfish-1.1.0-cp38-cp38-macosx_10_12_x86_64.whl", hash = "sha256:7cd4b706cb6c4739846d78a398c67996cb451b09a732a625793cfe8d4f37af1b"},
    {file = "jellyfish-1.1.0-cp38-cp38-macosx_11_0_arm64.whl", hash = "sha256:61cded25b47fe6b4c2ea9478c0a5a7531845218525a1b2627c67907ee9fe9b15"},
    {file = "jellyfish-1.1.0-cp38-cp38-manylinux_2_17_aarch64.manylinux2014_aarch64.whl", hash = "sha256:04bf33577059afba33227977e4a2c08ccb954eb77c849fde564af3e31ee509d9"},
    {file = "jellyfish-1.1.0-cp38-cp38-manylinux_2_17_armv7l.manylinux2014_armv7l.whl", hash = "sha256:327496501a44fbdfe0602fdc6a7d4317a7598202f1f652c9c4f0a49529a385cd"},
    {file = "jellyfish-1.1.0-cp38-cp38-manylinux_2_17_x86_64.manylinux2014_x86_64.whl", hash = "sha256:c0d1e6bac549cc2919b83d0ebe26566404ae3dfef5ef86229d1d826e3aeaba4b"},
    {file = "jellyfish-1.1.0-cp38-cp38-musllinux_1_1_aarch64.whl", hash = "sha256:b5fec525f15b39687dbfd75589333df4e6f6d15d3b1e0ada02bf206363dfd2af"},
    {file = "jellyfish-1.1.0-cp38-cp38-musllinux_1_1_i686.whl", hash = "sha256:8b2faf015e86a9efd5679b3abde83cbd8f3104b9e89445aa76b8481b206b3e67"},
    {file = "jellyfish-1.1.0-cp38-cp38-musllinux_1_1_x86_64.whl", hash = "sha256:b73efda07d52a1583afb8915a5f9feb017d0b60ae6d03071b21cc4f0a8a08ec1"},
    {file = "jellyfish-1.1.0-cp38-none-win32.whl", hash = "sha256:4a5199583a956d313be825972d7c14a0d9e455884acd12c03d05e4272c6c3bb8"},
    {file = "jellyfish-1.1.0-cp38-none-win_amd64.whl", hash = "sha256:755b68920a839f9e2b4813f0990a8dadcc9a24980bb29839f636ab5e36aaa256"},
    {file = "jellyfish-1.1.0-cp39-cp39-macosx_10_12_x86_64.whl", hash = "sha256:e965241e54f9cb9be6fe8f7a1376b6cc61ff831de017bde9150156771820f669"},
    {file = "jellyfish-1.1.0-cp39-cp39-macosx_11_0_arm64.whl", hash = "sha256:3e59a4c3bf0847dfff44195a4c250bc9e281b1c403f6212534ee36fc7c913dc1"},
    {file = "jellyfish-1.1.0-cp39-cp39-manylinux_2_17_aarch64.manylinux2014_aarch64.whl", hash = "sha256:84fa4e72b7754060d352604e07ea89af98403b0436caad443276ae46135b7fd7"},
    {file = "jellyfish-1.1.0-cp39-cp39-manylinux_2_17_armv7l.manylinux2014_armv7l.whl", hash = "sha256:125e9bfd1cc2c053eae3afa04fa142bbc8b3c1290a40a3416271b221f7e6bc87"},
    {file = "jellyfish-1.1.0-cp39-cp39-manylinux_2_17_x86_64.manylinux2014_x86_64.whl", hash = "sha256:e4a8fff36462bf1bdaa339d58fadd7e79a63690902e6d7ddd65a84efc3a4cc6d"},
    {file = "jellyfish-1.1.0-cp39-cp39-musllinux_1_1_aarch64.whl", hash = "sha256:6b438b3d7f970cfd8f77b30b05694537a54c08f3775b35debae45ff5a469f1a5"},
    {file = "jellyfish-1.1.0-cp39-cp39-musllinux_1_1_i686.whl", hash = "sha256:cf8d26c3735b5c2764cc53482dec14bb9b794ba829db3cd4c9a29d194a61cada"},
    {file = "jellyfish-1.1.0-cp39-cp39-musllinux_1_1_x86_64.whl", hash = "sha256:f341d0582ecac0aa73f380056dc8d25d8a60104f94debe8bf3f924a32a11588d"},
    {file = "jellyfish-1.1.0-cp39-none-win32.whl", hash = "sha256:49f2be59573b22d0adb615585ff66ca050198ec1f9f6784eec168bcd8137caf5"},
    {file = "jellyfish-1.1.0-cp39-none-win_amd64.whl", hash = "sha256:c58988138666b1cd860004c1afc7a09bb402e71e16e1f324be5c5d2b85fdfa3e"},
    {file = "jellyfish-1.1.0-pp310-pypy310_pp73-manylinux_2_17_aarch64.manylinux2014_aarch64.whl", hash = "sha256:54effec80c7a5013bea8e2ea6cd87fdd35a2c5b35f86ccf69ec33f4212245f25"},
    {file = "jellyfish-1.1.0-pp310-pypy310_pp73-manylinux_2_17_armv7l.manylinux2014_armv7l.whl", hash = "sha256:12ae67e9016c9a173453023fd7b400ec002bbc106c12722d914c53951acfa190"},
    {file = "jellyfish-1.1.0-pp310-pypy310_pp73-manylinux_2_17_x86_64.manylinux2014_x86_64.whl", hash = "sha256:efd342f9d4fb0ead8a3c30fe26e442308fb665ca37f4aa97baf448d814469bf1"},
    {file = "jellyfish-1.1.0-pp310-pypy310_pp73-musllinux_1_1_aarch64.whl", hash = "sha256:b0dc9f1bb335b6caa412c3d27028e25d315ef2bc993d425db93e451d7bc28056"},
    {file = "jellyfish-1.1.0-pp310-pypy310_pp73-musllinux_1_1_i686.whl", hash = "sha256:3f12cb59b3266e37ec47bd7c2c37faadc74ae8ccdc0190444daeafda3bd93da2"},
    {file = "jellyfish-1.1.0-pp310-pypy310_pp73-musllinux_1_1_x86_64.whl", hash = "sha256:c7ea99734b7767243b5b98eca953f0d719b48b0d630af3965638699728ef7523"},
    {file = "jellyfish-1.1.0-pp38-pypy38_pp73-macosx_10_12_x86_64.whl", hash = "sha256:1a90889fdb96ca27fc176e19a472c736e044d7190c924d9b7cfb0444881f921c"},
    {file = "jellyfish-1.1.0-pp38-pypy38_pp73-macosx_11_0_arm64.whl", hash = "sha256:c01cdf0d52d07e07fb0dfa2b3c03ca3b5a07088f08b38b06376ed228d842e501"},
    {file = "jellyfish-1.1.0-pp38-pypy38_pp73-manylinux_2_17_aarch64.manylinux2014_aarch64.whl", hash = "sha256:1a4678a2623cc83fde7ff683ba78d308edf7e54a1c81dd295cdf525761b9fcc1"},
    {file = "jellyfish-1.1.0-pp38-pypy38_pp73-manylinux_2_17_armv7l.manylinux2014_armv7l.whl", hash = "sha256:b557b8e1fdad4a36f467ee44f5532a4a13e5300b93b2b5e70ff75d0d16458132"},
    {file = "jellyfish-1.1.0-pp38-pypy38_pp73-manylinux_2_17_x86_64.manylinux2014_x86_64.whl", hash = "sha256:b5c34d12730d912bafab9f6daaa7fb2c6fa6afc0a8fc2c4cdc017df485d8d843"},
    {file = "jellyfish-1.1.0-pp38-pypy38_pp73-musllinux_1_1_aarch64.whl", hash = "sha256:d977a1e0fa3814d517b16d58a39a16e449bbd900b966dd921e770d0fd67bfa45"},
    {file = "jellyfish-1.1.0-pp38-pypy38_pp73-musllinux_1_1_i686.whl", hash = "sha256:6662152bf510cc7daef18965dd80cfa98710b479bda87a3170c86c4e0a6dc1ab"},
    {file = "jellyfish-1.1.0-pp38-pypy38_pp73-musllinux_1_1_x86_64.whl", hash = "sha256:e447e3807c73aeda7b592919c105bf98ce0297a228aff68aafe4fe70a39b9a78"},
    {file = "jellyfish-1.1.0-pp39-pypy39_pp73-macosx_10_12_x86_64.whl", hash = "sha256:ca252e6088c6afe5f8138ce9f557157ad0329f0610914ba50729c641d57cd662"},
    {file = "jellyfish-1.1.0-pp39-pypy39_pp73-macosx_11_0_arm64.whl", hash = "sha256:b2512ab6a1625a168796faaa159e1d1b8847cb3d0cc2b1b09ae77ff0623e7d10"},
    {file = "jellyfish-1.1.0-pp39-pypy39_pp73-manylinux_2_17_aarch64.manylinux2014_aarch64.whl", hash = "sha256:b868da3186306efb48fbd8a8dee0a742a5c8bc9c4c74aa5003914a8600435ba8"},
    {file = "jellyfish-1.1.0-pp39-pypy39_pp73-manylinux_2_17_armv7l.manylinux2014_armv7l.whl", hash = "sha256:bcc2cb1f007ddfad2f9175a8c1f934a8a0a6cc73187e2339fe1a4b3fd90b263e"},
    {file = "jellyfish-1.1.0-pp39-pypy39_pp73-manylinux_2_17_x86_64.manylinux2014_x86_64.whl", hash = "sha256:4e17885647f3a0faf1518cf6b319865b2e84439cfc16a3ea14468513c0fba227"},
    {file = "jellyfish-1.1.0-pp39-pypy39_pp73-musllinux_1_1_aarch64.whl", hash = "sha256:84ea543d05e6b7a7a704d45ebd9c753e2425da01fc5000ddc149031be541c4d5"},
    {file = "jellyfish-1.1.0-pp39-pypy39_pp73-musllinux_1_1_i686.whl", hash = "sha256:065a59ab0d02969d45e5ab4b0315ed6f5977a4eb8eaef24f2589e25b85822d18"},
    {file = "jellyfish-1.1.0-pp39-pypy39_pp73-musllinux_1_1_x86_64.whl", hash = "sha256:f747f34071e1558151b342a2bf96b813e04b5384024ba7c50f3c907fbaab484f"},
    {file = "jellyfish-1.1.0.tar.gz", hash = "sha256:2a2eec494c81dc1eb23dfef543110dad1873538eccaffabea8520bdac8aecbc1"},
]

[[package]]
name = "mediafile"
version = "0.12.0"
description = "Handles low-level interfacing for files' tags. Wraps Mutagen to"
optional = false
python-versions = ">=3.7"
files = [
    {file = "mediafile-0.12.0-py3-none-any.whl", hash = "sha256:6b6fdb61bb151cd9d6a8a8821ce28adee604ede8a9a992f0d9dd3e835ef4899b"},
    {file = "mediafile-0.12.0.tar.gz", hash = "sha256:d75d805a06ed56150dbcea76505e700f9809abd9e98f98117ae46f5df2ccf1d7"},
]

[package.dependencies]
mutagen = ">=1.46"
six = ">=1.9"

[package.extras]
test = ["tox"]

[[package]]
name = "munkres"
version = "1.1.4"
description = "Munkres (Hungarian) algorithm for the Assignment Problem"
optional = false
python-versions = "*"
files = [
    {file = "munkres-1.1.4-py2.py3-none-any.whl", hash = "sha256:6b01867d4a8480d865aea2326e4b8f7c46431e9e55b4a2e32d989307d7bced2a"},
    {file = "munkres-1.1.4.tar.gz", hash = "sha256:fc44bf3c3979dada4b6b633ddeeb8ffbe8388ee9409e4d4e8310c2da1792db03"},
]

[[package]]
name = "musicbrainzngs"
version = "0.7.1"
description = "Python bindings for the MusicBrainz NGS and the Cover Art Archive webservices"
optional = false
python-versions = ">=2.7, !=3.0.*, !=3.1.*, !=3.2.*, !=3.3.*"
files = [
    {file = "musicbrainzngs-0.7.1-py2.py3-none-any.whl", hash = "sha256:e841a8f975104c0a72290b09f59326050194081a5ae62ee512f41915090e1a10"},
    {file = "musicbrainzngs-0.7.1.tar.gz", hash = "sha256:ab1c0100fd0b305852e65f2ed4113c6de12e68afd55186987b8ed97e0f98e627"},
]

[[package]]
name = "mutagen"
version = "1.47.0"
description = "read and write audio tags for many formats"
optional = false
python-versions = ">=3.7"
files = [
    {file = "mutagen-1.47.0-py3-none-any.whl", hash = "sha256:edd96f50c5907a9539d8e5bba7245f62c9f520aef333d13392a79a4f70aca719"},
    {file = "mutagen-1.47.0.tar.gz", hash = "sha256:719fadef0a978c31b4cf3c956261b3c58b6948b32023078a2117b1de09f0fc99"},
]

[[package]]
name = "packaging"
version = "24.1"
description = "Core utilities for Python packages"
optional = false
python-versions = ">=3.8"
files = [
    {file = "packaging-24.1-py3-none-any.whl", hash = "sha256:5b8f2217dbdbd2f7f384c41c628544e6d52f2d0f53c6d0c3ea61aa5d1d7ff124"},
    {file = "packaging-24.1.tar.gz", hash = "sha256:026ed72c8ed3fcce5bf8950572258698927fd1dbda10a5e981cdf0ac37f4f002"},
]

[[package]]
name = "pluggy"
version = "1.5.0"
description = "plugin and hook calling mechanisms for python"
optional = false
python-versions = ">=3.8"
files = [
    {file = "pluggy-1.5.0-py3-none-any.whl", hash = "sha256:44e1ad92c8ca002de6377e165f3e0f1be63266ab4d554740532335b9d75ea669"},
    {file = "pluggy-1.5.0.tar.gz", hash = "sha256:2cffa88e94fdc978c4c574f15f9e59b7f4201d439195c3715ca9e2486f1d0cf1"},
]

[package.extras]
dev = ["pre-commit", "tox"]
testing = ["pytest", "pytest-benchmark"]

[[package]]
name = "pytest"
version = "8.3.2"
description = "pytest: simple powerful testing with Python"
optional = false
python-versions = ">=3.8"
files = [
    {file = "pytest-8.3.2-py3-none-any.whl", hash = "sha256:4ba08f9ae7dcf84ded419494d229b48d0903ea6407b030eaec46df5e6a73bba5"},
    {file = "pytest-8.3.2.tar.gz", hash = "sha256:c132345d12ce551242c87269de812483f5bcc87cdbb4722e48487ba194f9fdce"},
]

[package.dependencies]
colorama = {version = "*", markers = "sys_platform == \"win32\""}
exceptiongroup = {version = ">=1.0.0rc8", markers = "python_version < \"3.11\""}
iniconfig = "*"
packaging = "*"
pluggy = ">=1.5,<2"
tomli = {version = ">=1", markers = "python_version < \"3.11\""}

[package.extras]
dev = ["argcomplete", "attrs (>=19.2)", "hypothesis (>=3.56)", "mock", "pygments (>=2.7.2)", "requests", "setuptools", "xmlschema"]

[[package]]
name = "pyyaml"
version = "6.0.2"
description = "YAML parser and emitter for Python"
optional = false
python-versions = ">=3.8"
files = [
    {file = "PyYAML-6.0.2-cp310-cp310-macosx_10_9_x86_64.whl", hash = "sha256:0a9a2848a5b7feac301353437eb7d5957887edbf81d56e903999a75a3d743086"},
    {file = "PyYAML-6.0.2-cp310-cp310-macosx_11_0_arm64.whl", hash = "sha256:29717114e51c84ddfba879543fb232a6ed60086602313ca38cce623c1d62cfbf"},
    {file = "PyYAML-6.0.2-cp310-cp310-manylinux_2_17_aarch64.manylinux2014_aarch64.whl", hash = "sha256:8824b5a04a04a047e72eea5cec3bc266db09e35de6bdfe34c9436ac5ee27d237"},
    {file = "PyYAML-6.0.2-cp310-cp310-manylinux_2_17_s390x.manylinux2014_s390x.whl", hash = "sha256:7c36280e6fb8385e520936c3cb3b8042851904eba0e58d277dca80a5cfed590b"},
    {file = "PyYAML-6.0.2-cp310-cp310-manylinux_2_17_x86_64.manylinux2014_x86_64.whl", hash = "sha256:ec031d5d2feb36d1d1a24380e4db6d43695f3748343d99434e6f5f9156aaa2ed"},
    {file = "PyYAML-6.0.2-cp310-cp310-musllinux_1_1_aarch64.whl", hash = "sha256:936d68689298c36b53b29f23c6dbb74de12b4ac12ca6cfe0e047bedceea56180"},
    {file = "PyYAML-6.0.2-cp310-cp310-musllinux_1_1_x86_64.whl", hash = "sha256:23502f431948090f597378482b4812b0caae32c22213aecf3b55325e049a6c68"},
    {file = "PyYAML-6.0.2-cp310-cp310-win32.whl", hash = "sha256:2e99c6826ffa974fe6e27cdb5ed0021786b03fc98e5ee3c5bfe1fd5015f42b99"},
    {file = "PyYAML-6.0.2-cp310-cp310-win_amd64.whl", hash = "sha256:a4d3091415f010369ae4ed1fc6b79def9416358877534caf6a0fdd2146c87a3e"},
    {file = "PyYAML-6.0.2-cp311-cp311-macosx_10_9_x86_64.whl", hash = "sha256:cc1c1159b3d456576af7a3e4d1ba7e6924cb39de8f67111c735f6fc832082774"},
    {file = "PyYAML-6.0.2-cp311-cp311-macosx_11_0_arm64.whl", hash = "sha256:1e2120ef853f59c7419231f3bf4e7021f1b936f6ebd222406c3b60212205d2ee"},
    {file = "PyYAML-6.0.2-cp311-cp311-manylinux_2_17_aarch64.manylinux2014_aarch64.whl", hash = "sha256:5d225db5a45f21e78dd9358e58a98702a0302f2659a3c6cd320564b75b86f47c"},
    {file = "PyYAML-6.0.2-cp311-cp311-manylinux_2_17_s390x.manylinux2014_s390x.whl", hash = "sha256:5ac9328ec4831237bec75defaf839f7d4564be1e6b25ac710bd1a96321cc8317"},
    {file = "PyYAML-6.0.2-cp311-cp311-manylinux_2_17_x86_64.manylinux2014_x86_64.whl", hash = "sha256:3ad2a3decf9aaba3d29c8f537ac4b243e36bef957511b4766cb0057d32b0be85"},
    {file = "PyYAML-6.0.2-cp311-cp311-musllinux_1_1_aarch64.whl", hash = "sha256:ff3824dc5261f50c9b0dfb3be22b4567a6f938ccce4587b38952d85fd9e9afe4"},
    {file = "PyYAML-6.0.2-cp311-cp311-musllinux_1_1_x86_64.whl", hash = "sha256:797b4f722ffa07cc8d62053e4cff1486fa6dc094105d13fea7b1de7d8bf71c9e"},
    {file = "PyYAML-6.0.2-cp311-cp311-win32.whl", hash = "sha256:11d8f3dd2b9c1207dcaf2ee0bbbfd5991f571186ec9cc78427ba5bd32afae4b5"},
    {file = "PyYAML-6.0.2-cp311-cp311-win_amd64.whl", hash = "sha256:e10ce637b18caea04431ce14fabcf5c64a1c61ec9c56b071a4b7ca131ca52d44"},
    {file = "PyYAML-6.0.2-cp312-cp312-macosx_10_9_x86_64.whl", hash = "sha256:c70c95198c015b85feafc136515252a261a84561b7b1d51e3384e0655ddf25ab"},
    {file = "PyYAML-6.0.2-cp312-cp312-macosx_11_0_arm64.whl", hash = "sha256:ce826d6ef20b1bc864f0a68340c8b3287705cae2f8b4b1d932177dcc76721725"},
    {file = "PyYAML-6.0.2-cp312-cp312-manylinux_2_17_aarch64.manylinux2014_aarch64.whl", hash = "sha256:1f71ea527786de97d1a0cc0eacd1defc0985dcf6b3f17bb77dcfc8c34bec4dc5"},
    {file = "PyYAML-6.0.2-cp312-cp312-manylinux_2_17_s390x.manylinux2014_s390x.whl", hash = "sha256:9b22676e8097e9e22e36d6b7bda33190d0d400f345f23d4065d48f4ca7ae0425"},
    {file = "PyYAML-6.0.2-cp312-cp312-manylinux_2_17_x86_64.manylinux2014_x86_64.whl", hash = "sha256:80bab7bfc629882493af4aa31a4cfa43a4c57c83813253626916b8c7ada83476"},
    {file = "PyYAML-6.0.2-cp312-cp312-musllinux_1_1_aarch64.whl", hash = "sha256:0833f8694549e586547b576dcfaba4a6b55b9e96098b36cdc7ebefe667dfed48"},
    {file = "PyYAML-6.0.2-cp312-cp312-musllinux_1_1_x86_64.whl", hash = "sha256:8b9c7197f7cb2738065c481a0461e50ad02f18c78cd75775628afb4d7137fb3b"},
    {file = "PyYAML-6.0.2-cp312-cp312-win32.whl", hash = "sha256:ef6107725bd54b262d6dedcc2af448a266975032bc85ef0172c5f059da6325b4"},
    {file = "PyYAML-6.0.2-cp312-cp312-win_amd64.whl", hash = "sha256:7e7401d0de89a9a855c839bc697c079a4af81cf878373abd7dc625847d25cbd8"},
    {file = "PyYAML-6.0.2-cp313-cp313-macosx_10_13_x86_64.whl", hash = "sha256:efdca5630322a10774e8e98e1af481aad470dd62c3170801852d752aa7a783ba"},
    {file = "PyYAML-6.0.2-cp313-cp313-macosx_11_0_arm64.whl", hash = "sha256:50187695423ffe49e2deacb8cd10510bc361faac997de9efef88badc3bb9e2d1"},
    {file = "PyYAML-6.0.2-cp313-cp313-manylinux_2_17_aarch64.manylinux2014_aarch64.whl", hash = "sha256:0ffe8360bab4910ef1b9e87fb812d8bc0a308b0d0eef8c8f44e0254ab3b07133"},
    {file = "PyYAML-6.0.2-cp313-cp313-manylinux_2_17_s390x.manylinux2014_s390x.whl", hash = "sha256:17e311b6c678207928d649faa7cb0d7b4c26a0ba73d41e99c4fff6b6c3276484"},
    {file = "PyYAML-6.0.2-cp313-cp313-manylinux_2_17_x86_64.manylinux2014_x86_64.whl", hash = "sha256:70b189594dbe54f75ab3a1acec5f1e3faa7e8cf2f1e08d9b561cb41b845f69d5"},
    {file = "PyYAML-6.0.2-cp313-cp313-musllinux_1_1_aarch64.whl", hash = "sha256:41e4e3953a79407c794916fa277a82531dd93aad34e29c2a514c2c0c5fe971cc"},
    {file = "PyYAML-6.0.2-cp313-cp313-musllinux_1_1_x86_64.whl", hash = "sha256:68ccc6023a3400877818152ad9a1033e3db8625d899c72eacb5a668902e4d652"},
    {file = "PyYAML-6.0.2-cp313-cp313-win32.whl", hash = "sha256:bc2fa7c6b47d6bc618dd7fb02ef6fdedb1090ec036abab80d4681424b84c1183"},
    {file = "PyYAML-6.0.2-cp313-cp313-win_amd64.whl", hash = "sha256:8388ee1976c416731879ac16da0aff3f63b286ffdd57cdeb95f3f2e085687563"},
    {file = "PyYAML-6.0.2-cp38-cp38-macosx_10_9_x86_64.whl", hash = "sha256:24471b829b3bf607e04e88d79542a9d48bb037c2267d7927a874e6c205ca7e9a"},
    {file = "PyYAML-6.0.2-cp38-cp38-manylinux_2_17_aarch64.manylinux2014_aarch64.whl", hash = "sha256:d7fded462629cfa4b685c5416b949ebad6cec74af5e2d42905d41e257e0869f5"},
    {file = "PyYAML-6.0.2-cp38-cp38-manylinux_2_17_s390x.manylinux2014_s390x.whl", hash = "sha256:d84a1718ee396f54f3a086ea0a66d8e552b2ab2017ef8b420e92edbc841c352d"},
    {file = "PyYAML-6.0.2-cp38-cp38-manylinux_2_17_x86_64.manylinux2014_x86_64.whl", hash = "sha256:9056c1ecd25795207ad294bcf39f2db3d845767be0ea6e6a34d856f006006083"},
    {file = "PyYAML-6.0.2-cp38-cp38-musllinux_1_1_x86_64.whl", hash = "sha256:82d09873e40955485746739bcb8b4586983670466c23382c19cffecbf1fd8706"},
    {file = "PyYAML-6.0.2-cp38-cp38-win32.whl", hash = "sha256:43fa96a3ca0d6b1812e01ced1044a003533c47f6ee8aca31724f78e93ccc089a"},
    {file = "PyYAML-6.0.2-cp38-cp38-win_amd64.whl", hash = "sha256:01179a4a8559ab5de078078f37e5c1a30d76bb88519906844fd7bdea1b7729ff"},
    {file = "PyYAML-6.0.2-cp39-cp39-macosx_10_9_x86_64.whl", hash = "sha256:688ba32a1cffef67fd2e9398a2efebaea461578b0923624778664cc1c914db5d"},
    {file = "PyYAML-6.0.2-cp39-cp39-macosx_11_0_arm64.whl", hash = "sha256:a8786accb172bd8afb8be14490a16625cbc387036876ab6ba70912730faf8e1f"},
    {file = "PyYAML-6.0.2-cp39-cp39-manylinux_2_17_aarch64.manylinux2014_aarch64.whl", hash = "sha256:d8e03406cac8513435335dbab54c0d385e4a49e4945d2909a581c83647ca0290"},
    {file = "PyYAML-6.0.2-cp39-cp39-manylinux_2_17_s390x.manylinux2014_s390x.whl", hash = "sha256:f753120cb8181e736c57ef7636e83f31b9c0d1722c516f7e86cf15b7aa57ff12"},
    {file = "PyYAML-6.0.2-cp39-cp39-manylinux_2_17_x86_64.manylinux2014_x86_64.whl", hash = "sha256:3b1fdb9dc17f5a7677423d508ab4f243a726dea51fa5e70992e59a7411c89d19"},
    {file = "PyYAML-6.0.2-cp39-cp39-musllinux_1_1_aarch64.whl", hash = "sha256:0b69e4ce7a131fe56b7e4d770c67429700908fc0752af059838b1cfb41960e4e"},
    {file = "PyYAML-6.0.2-cp39-cp39-musllinux_1_1_x86_64.whl", hash = "sha256:a9f8c2e67970f13b16084e04f134610fd1d374bf477b17ec1599185cf611d725"},
    {file = "PyYAML-6.0.2-cp39-cp39-win32.whl", hash = "sha256:6395c297d42274772abc367baaa79683958044e5d3835486c16da75d2a694631"},
    {file = "PyYAML-6.0.2-cp39-cp39-win_amd64.whl", hash = "sha256:39693e1f8320ae4f43943590b49779ffb98acb81f788220ea932a6b6c51004d8"},
    {file = "pyyaml-6.0.2.tar.gz", hash = "sha256:d584d9ec91ad65861cc08d42e834324ef890a082e591037abe114850ff7bbc3e"},
]

[[package]]
name = "ruff"
version = "0.5.7"
description = "An extremely fast Python linter and code formatter, written in Rust."
optional = false
python-versions = ">=3.7"
files = [
    {file = "ruff-0.5.7-py3-none-linux_armv6l.whl", hash = "sha256:548992d342fc404ee2e15a242cdbea4f8e39a52f2e7752d0e4cbe88d2d2f416a"},
    {file = "ruff-0.5.7-py3-none-macosx_10_12_x86_64.whl", hash = "sha256:00cc8872331055ee017c4f1071a8a31ca0809ccc0657da1d154a1d2abac5c0be"},
    {file = "ruff-0.5.7-py3-none-macosx_11_0_arm64.whl", hash = "sha256:eaf3d86a1fdac1aec8a3417a63587d93f906c678bb9ed0b796da7b59c1114a1e"},
    {file = "ruff-0.5.7-py3-none-manylinux_2_17_aarch64.manylinux2014_aarch64.whl", hash = "sha256:a01c34400097b06cf8a6e61b35d6d456d5bd1ae6961542de18ec81eaf33b4cb8"},
    {file = "ruff-0.5.7-py3-none-manylinux_2_17_armv7l.manylinux2014_armv7l.whl", hash = "sha256:fcc8054f1a717e2213500edaddcf1dbb0abad40d98e1bd9d0ad364f75c763eea"},
    {file = "ruff-0.5.7-py3-none-manylinux_2_17_i686.manylinux2014_i686.whl", hash = "sha256:7f70284e73f36558ef51602254451e50dd6cc479f8b6f8413a95fcb5db4a55fc"},
    {file = "ruff-0.5.7-py3-none-manylinux_2_17_ppc64.manylinux2014_ppc64.whl", hash = "sha256:a78ad870ae3c460394fc95437d43deb5c04b5c29297815a2a1de028903f19692"},
    {file = "ruff-0.5.7-py3-none-manylinux_2_17_ppc64le.manylinux2014_ppc64le.whl", hash = "sha256:9ccd078c66a8e419475174bfe60a69adb36ce04f8d4e91b006f1329d5cd44bcf"},
    {file = "ruff-0.5.7-py3-none-manylinux_2_17_s390x.manylinux2014_s390x.whl", hash = "sha256:7e31c9bad4ebf8fdb77b59cae75814440731060a09a0e0077d559a556453acbb"},
    {file = "ruff-0.5.7-py3-none-manylinux_2_17_x86_64.manylinux2014_x86_64.whl", hash = "sha256:8d796327eed8e168164346b769dd9a27a70e0298d667b4ecee6877ce8095ec8e"},
    {file = "ruff-0.5.7-py3-none-musllinux_1_2_aarch64.whl", hash = "sha256:4a09ea2c3f7778cc635e7f6edf57d566a8ee8f485f3c4454db7771efb692c499"},
    {file = "ruff-0.5.7-py3-none-musllinux_1_2_armv7l.whl", hash = "sha256:a36d8dcf55b3a3bc353270d544fb170d75d2dff41eba5df57b4e0b67a95bb64e"},
    {file = "ruff-0.5.7-py3-none-musllinux_1_2_i686.whl", hash = "sha256:9369c218f789eefbd1b8d82a8cf25017b523ac47d96b2f531eba73770971c9e5"},
    {file = "ruff-0.5.7-py3-none-musllinux_1_2_x86_64.whl", hash = "sha256:b88ca3db7eb377eb24fb7c82840546fb7acef75af4a74bd36e9ceb37a890257e"},
    {file = "ruff-0.5.7-py3-none-win32.whl", hash = "sha256:33d61fc0e902198a3e55719f4be6b375b28f860b09c281e4bdbf783c0566576a"},
    {file = "ruff-0.5.7-py3-none-win_amd64.whl", hash = "sha256:083bbcbe6fadb93cd86709037acc510f86eed5a314203079df174c40bbbca6b3"},
    {file = "ruff-0.5.7-py3-none-win_arm64.whl", hash = "sha256:2dca26154ff9571995107221d0aeaad0e75a77b5a682d6236cf89a58c70b76f4"},
    {file = "ruff-0.5.7.tar.gz", hash = "sha256:8dfc0a458797f5d9fb622dd0efc52d796f23f0a1493a9527f4e49a550ae9a7e5"},
]

[[package]]
name = "six"
version = "1.16.0"
description = "Python 2 and 3 compatibility utilities"
optional = false
python-versions = ">=2.7, !=3.0.*, !=3.1.*, !=3.2.*"
files = [
    {file = "six-1.16.0-py2.py3-none-any.whl", hash = "sha256:8abb2f1d86890a2dfb989f9a77cfcfd3e47c2a354b01111771326f8aa26e0254"},
    {file = "six-1.16.0.tar.gz", hash = "sha256:1e61c37477a1626458e36f7b1d82aa5c9b094fa4802892072e49de9c60c4c926"},
]

[[package]]
name = "tomli"
version = "2.0.1"
description = "A lil' TOML parser"
optional = false
python-versions = ">=3.7"
files = [
    {file = "tomli-2.0.1-py3-none-any.whl", hash = "sha256:939de3e7a6161af0c887ef91b7d41a53e7c5a1ca976325f429cb46ea9bc30ecc"},
    {file = "tomli-2.0.1.tar.gz", hash = "sha256:de526c12914f0c550d15924c62d72abc48d6fe7364aa87328337a31007fe8a4f"},
]

[[package]]
name = "typing-extensions"
version = "4.12.2"
description = "Backported and Experimental Type Hints for Python 3.8+"
optional = false
python-versions = ">=3.8"
files = [
    {file = "typing_extensions-4.12.2-py3-none-any.whl", hash = "sha256:04e5ca0351e0f3f85c6853954072df659d0d13fac324d0072316b67d7794700d"},
    {file = "typing_extensions-4.12.2.tar.gz", hash = "sha256:1a7ead55c7e559dd4dee8856e3a88b41225abfe1ce8df57b7c13915fe121ffb8"},
]

[[package]]
name = "unidecode"
version = "1.3.8"
description = "ASCII transliterations of Unicode text"
optional = false
python-versions = ">=3.5"
files = [
    {file = "Unidecode-1.3.8-py3-none-any.whl", hash = "sha256:d130a61ce6696f8148a3bd8fe779c99adeb4b870584eeb9526584e9aa091fd39"},
    {file = "Unidecode-1.3.8.tar.gz", hash = "sha256:cfdb349d46ed3873ece4586b96aa75258726e2fa8ec21d6f00a591d98806c2f4"},
]

[metadata]
lock-version = "2.0"
python-versions = "^3.9, >=3.8.1"
content-hash = "75ed8c7ae53164d5e70ba7b479c692fb80a2321411d02e1b6b80613c3f4175d9"
