version = 1
requires-python = ">=3.9"

[[package]]
name = "beets"
version = "2.0.0"
source = { registry = "https://pypi.org/simple" }
dependencies = [
    { name = "confuse" },
    { name = "jellyfish" },
    { name = "mediafile" },
    { name = "munkres" },
    { name = "musicbrainzngs" },
    { name = "pyyaml" },
    { name = "typing-extensions" },
    { name = "unidecode" },
]
sdist = { url = "https://files.pythonhosted.org/packages/8f/7d/a6e7fc23af347ce939a1dbca465dc29c6ff91e11b31da0fbae54455d158c/beets-2.0.0.tar.gz", hash = "sha256:3b1172b5bc3729e33a6ea4689f7d0236682bf828c67196b6a260f0389cb1f8cf", size = 2194709 }
wheels = [
    { url = "https://files.pythonhosted.org/packages/a9/60/9d38d3f3706c36ec20146bf8add05213e46138c710add8c68dc5a5dea3ec/beets-2.0.0-py3-none-any.whl", hash = "sha256:6fe596f578ce50652fc634d399af67bc0450b325c349989af781805599fcedb3", size = 553307 },
]

[[package]]
name = "beets-check"
version = "0.15.0"
source = { editable = "." }
dependencies = [
    { name = "beets" },
    { name = "mediafile" },
]

[package.dev-dependencies]
dev = [
    { name = "pytest" },
    { name = "ruff" },
]

[package.metadata]
requires-dist = [
    { name = "beets", specifier = ">=1.6.1,<3" },
    { name = "mediafile", specifier = "~=0.12.0" },
]

[package.metadata.requires-dev]
dev = [
    { name = "pytest", specifier = "~=8.0.0" },
    { name = "ruff", specifier = ">=0.5.1,<6" },
]

[[package]]
name = "colorama"
version = "0.4.6"
source = { registry = "https://pypi.org/simple" }
sdist = { url = "https://files.pythonhosted.org/packages/d8/53/6f443c9a4a8358a93a6792e2acffb9d9d5cb0a5cfd8802644b7b1c9a02e4/colorama-0.4.6.tar.gz", hash = "sha256:08695f5cb7ed6e0531a20572697297273c47b8cae5a63ffc6d6ed5c201be6e44", size = 27697 }
wheels = [
    { url = "https://files.pythonhosted.org/packages/d1/d6/3965ed04c63042e047cb6a3e6ed1a63a35087b6a609aa3a15ed8ac56c221/colorama-0.4.6-py2.py3-none-any.whl", hash = "sha256:4f1d9991f5acc0ca119f9d443620b77f9d6b33703e51011c16baf57afb285fc6", size = 25335 },
]

[[package]]
name = "confuse"
version = "2.0.1"
source = { registry = "https://pypi.org/simple" }
dependencies = [
    { name = "pyyaml" },
]
sdist = { url = "https://files.pythonhosted.org/packages/a7/77/05e2284baff5f2106f74b528b9930caf764d6c400733eb42e617c4234a7d/confuse-2.0.1.tar.gz", hash = "sha256:7379a2ad49aaa862b79600cc070260c1b7974d349f4fa5e01f9afa6c4dd0611f", size = 50872 }
wheels = [
    { url = "https://files.pythonhosted.org/packages/32/1f/cf496479814d41fc252004482deeb90b740b4a6a391a3355c0b11d7e0abf/confuse-2.0.1-py3-none-any.whl", hash = "sha256:9b9e5bbc70e2cb9b318bcab14d917ec88e21bf1b724365e3815eb16e37aabd2a", size = 24750 },
]

[[package]]
name = "exceptiongroup"
version = "1.2.2"
source = { registry = "https://pypi.org/simple" }
sdist = { url = "https://files.pythonhosted.org/packages/09/35/2495c4ac46b980e4ca1f6ad6db102322ef3ad2410b79fdde159a4b0f3b92/exceptiongroup-1.2.2.tar.gz", hash = "sha256:47c2edf7c6738fafb49fd34290706d1a1a2f4d1c6df275526b62cbb4aa5393cc", size = 28883 }
wheels = [
    { url = "https://files.pythonhosted.org/packages/02/cc/b7e31358aac6ed1ef2bb790a9746ac2c69bcb3c8588b41616914eb106eaf/exceptiongroup-1.2.2-py3-none-any.whl", hash = "sha256:3111b9d131c238bec2f8f516e123e14ba243563fb135d3fe885990585aa7795b", size = 16453 },
]

[[package]]
name = "iniconfig"
version = "2.0.0"
source = { registry = "https://pypi.org/simple" }
sdist = { url = "https://files.pythonhosted.org/packages/d7/4b/cbd8e699e64a6f16ca3a8220661b5f83792b3017d0f79807cb8708d33913/iniconfig-2.0.0.tar.gz", hash = "sha256:2d91e135bf72d31a410b17c16da610a82cb55f6b0477d1a902134b24a455b8b3", size = 4646 }
wheels = [
    { url = "https://files.pythonhosted.org/packages/ef/a6/62565a6e1cf69e10f5727360368e451d4b7f58beeac6173dc9db836a5b46/iniconfig-2.0.0-py3-none-any.whl", hash = "sha256:b6a85871a79d2e3b22d2d1b94ac2824226a63c6b741c88f7ae975f18b6778374", size = 5892 },
]

[[package]]
name = "jellyfish"
version = "1.1.0"
source = { registry = "https://pypi.org/simple" }
sdist = { url = "https://files.pythonhosted.org/packages/c9/2f/cda51a742a873ae4b0b52620cd282a885195612edaa2a7ec4b68cf968b2d/jellyfish-1.1.0.tar.gz", hash = "sha256:2a2eec494c81dc1eb23dfef543110dad1873538eccaffabea8520bdac8aecbc1", size = 364391 }
wheels = [
    { url = "https://files.pythonhosted.org/packages/ce/60/364265ea5ac6fab5a6f6645c2ad3a0d5c41b1b0ce2b0e5f98ce2cfc67ac2/jellyfish-1.1.0-cp310-cp310-macosx_10_12_x86_64.whl", hash = "sha256:feb1fa5838f2bb6dbc9f6d07dabf4b9d91e130b289d72bd70dc33b651667688f", size = 306835 },
    { url = "https://files.pythonhosted.org/packages/47/16/fafbbb45fca910df4df2bceea6f99265f59667348230b8775cfdbf1d0415/jellyfish-1.1.0-cp310-cp310-macosx_11_0_arm64.whl", hash = "sha256:623fa58cca9b8e594a46e7b9cf3af629588a202439d97580a153d6af24736a1b", size = 303195 },
    { url = "https://files.pythonhosted.org/packages/f3/bf/ba3807e42dd3622523c719cd7fc03576e905a5dc9937c4c7efb04a809724/jellyfish-1.1.0-cp310-cp310-manylinux_2_17_aarch64.manylinux2014_aarch64.whl", hash = "sha256:a87e4a17006f7cdd7027a053aeeaacfb0b3366955e242cd5b74bbf882bafe022", size = 346571 },
    { url = "https://files.pythonhosted.org/packages/e3/5f/b85a71bcca1bced0751e9a132604792b73e33b2d51c7b5506b74db1720c5/jellyfish-1.1.0-cp310-cp310-manylinux_2_17_armv7l.manylinux2014_armv7l.whl", hash = "sha256:f10fa36491840bda29f2164cc49e61244ea27c5db5a66aaa437724f5626f5610", size = 343856 },
    { url = "https://files.pythonhosted.org/packages/81/00/861186a78604c03bcd7846e4c3f1eed1af9072769f4a60997adccb846e00/jellyfish-1.1.0-cp310-cp310-manylinux_2_17_x86_64.manylinux2014_x86_64.whl", hash = "sha256:24f91daaa515284cdb691b1e01b0f91f9c9e51e685420725a1ded4f54d5376ff", size = 335971 },
    { url = "https://files.pythonhosted.org/packages/06/02/8a21858097971c0779952cdf1a5ea1e65585d123c4d00977b6bebc4305d0/jellyfish-1.1.0-cp310-cp310-musllinux_1_1_aarch64.whl", hash = "sha256:65e58350618ebb1488246998a7356a8c9a7c839ec3ecfe936df55be6776fc173", size = 525166 },
    { url = "https://files.pythonhosted.org/packages/c4/11/ca9fd25ba78e29c3610e01b2e4ac7218aa41de64f6d3d205dba9b1c530d1/jellyfish-1.1.0-cp310-cp310-musllinux_1_1_i686.whl", hash = "sha256:5c5ed62b23093b11de130c3fe1b381a2d3bfaf086757fa21341ac6f30a353e92", size = 529630 },
    { url = "https://files.pythonhosted.org/packages/6f/cb/978a74aa3ae100c63baaaaab32ffc2ef7328c8af024ccc938f3225a65bf0/jellyfish-1.1.0-cp310-cp310-musllinux_1_1_x86_64.whl", hash = "sha256:c42aa02e791d3e5a8fc6a96bec9f64ebbb2afef27b01eca201b56132e3d0c64e", size = 506763 },
    { url = "https://files.pythonhosted.org/packages/ae/23/dd2eba6f8a5724bc651db0bd47ac6f69fd996fa77afbb5e7d6babaaf64fc/jellyfish-1.1.0-cp310-none-win32.whl", hash = "sha256:84680353261161c627cbdd622ea4243e3d3da75894bfacc2f3fcbbe56e8e59d4", size = 201398 },
    { url = "https://files.pythonhosted.org/packages/7e/10/1b41958cfef740dfda441e04e725381c7c234a37c1b7da0e768f0d896969/jellyfish-1.1.0-cp310-none-win_amd64.whl", hash = "sha256:017c794b89d827d0306cb056fc5fbd040ff558a90ff0e68a6b60d6e6ba661fe3", size = 207275 },
    { url = "https://files.pythonhosted.org/packages/89/e1/d80963467a1b4edd79b46f305bbc060dcffbcb7b138e308ecba86d99ffd1/jellyfish-1.1.0-cp311-cp311-macosx_10_12_x86_64.whl", hash = "sha256:fed2e4ecf9b4995d2aa771453d0a0fdf47a5e1b13dbd74b98a30cb0070ede30c", size = 306851 },
    { url = "https://files.pythonhosted.org/packages/3b/0c/3df520c610785a83411237eeefbb9ba283eabbee80d2b87b1b93abe5d158/jellyfish-1.1.0-cp311-cp311-macosx_11_0_arm64.whl", hash = "sha256:61a382ba8a3d3cd0bd50029062d54d3a0726679be248789fef6a3901eee47a60", size = 303132 },
    { url = "https://files.pythonhosted.org/packages/a2/38/89f737cfa3c9716c583a5aac018b136d69322706cb34d3fca2c741e90533/jellyfish-1.1.0-cp311-cp311-manylinux_2_17_aarch64.manylinux2014_aarch64.whl", hash = "sha256:0a4b526ed2080b97431454075c46c19baddc944e95cc605248e32a2a07be231e", size = 346485 },
    { url = "https://files.pythonhosted.org/packages/82/fe/ff9dcf224c4fbb12cf7b6c6ec6f4fc2975f1dcf49a605ef4edd334e170c8/jellyfish-1.1.0-cp311-cp311-manylinux_2_17_armv7l.manylinux2014_armv7l.whl", hash = "sha256:0fa7450c3217724b73099cb18ee594926fcbc1cc4d9964350f31a4c1dc267b35", size = 343871 },
    { url = "https://files.pythonhosted.org/packages/6e/d2/2055b8b6d1f4e432e40cfa44ae3e315e36e4eddb989eed4db7a53bff51e3/jellyfish-1.1.0-cp311-cp311-manylinux_2_17_x86_64.manylinux2014_x86_64.whl", hash = "sha256:33ebb6e9647d5d52f4d461a163449f6d1c73f1a80ccbe98bb17efac0062a6423", size = 335967 },
    { url = "https://files.pythonhosted.org/packages/ae/49/a94610285aa756f80844c926ccd51cf0d1b83a7ea00cb56efeb3b96f0606/jellyfish-1.1.0-cp311-cp311-musllinux_1_1_aarch64.whl", hash = "sha256:759172602343115f910d7c63b39239051e32425115bc31ab4dafdaf6177f880c", size = 525034 },
    { url = "https://files.pythonhosted.org/packages/e7/08/f4472b5f7c2063b63904b95ccc57b5213ca1cfeab4ec7ec7dd3f556a0c7f/jellyfish-1.1.0-cp311-cp311-musllinux_1_1_i686.whl", hash = "sha256:273fdc362ccdb09259eec9bc4abdc2467d9a54bd94d05ae22e71423dd1357255", size = 529613 },
    { url = "https://files.pythonhosted.org/packages/7e/2a/3dd192bb8b731c7618797a1abb24f485f341f4d5d13441a01ddd028d2c33/jellyfish-1.1.0-cp311-cp311-musllinux_1_1_x86_64.whl", hash = "sha256:bd5c335f8d762447691dc0572f4eaf0cfdfbfffb6dce740341425ab1b32134ff", size = 506597 },
    { url = "https://files.pythonhosted.org/packages/dd/9b/556bb5aff966e003441b15b66fe3638a85d70ff66b0be777852d6b71613f/jellyfish-1.1.0-cp311-none-win32.whl", hash = "sha256:cc16a60a42f1541ad9c13c72c797107388227f01189aa3c0ec7ee9b939e57ea8", size = 201447 },
    { url = "https://files.pythonhosted.org/packages/cd/76/a077eee8a50c522121ba74b6a6dff6987f1a7333992219251987fe0db850/jellyfish-1.1.0-cp311-none-win_amd64.whl", hash = "sha256:95dfe61eabf360a92e6d76d1c4dbafa29bcb3f70e2ad7354de2661141fcce038", size = 207305 },
    { url = "https://files.pythonhosted.org/packages/db/6b/5d66bf5be9ed7b6cb030d111cc4bc4d6d61f19ea6ca4d90c4c6e5bc65382/jellyfish-1.1.0-cp312-cp312-macosx_10_12_x86_64.whl", hash = "sha256:828a7000d369cbd4d812b88510c01fdab20b73dc54c63cdbe03bdff67ab362d0", size = 306412 },
    { url = "https://files.pythonhosted.org/packages/cc/b0/cb8bfd5e1a19ff73826971a7656ca59b88e6ae2e5b1d07b7e458a3290c88/jellyfish-1.1.0-cp312-cp312-macosx_11_0_arm64.whl", hash = "sha256:e250dc1074d730a03c96ac9dfce44716cf45e0e2825cbddaf32a015cdf9cf594", size = 302950 },
    { url = "https://files.pythonhosted.org/packages/57/51/33fcb48d9a6415838305e2fd787935e086c5bca732987f79c94ba8c696ce/jellyfish-1.1.0-cp312-cp312-manylinux_2_17_aarch64.manylinux2014_aarch64.whl", hash = "sha256:87dc2a82c45b773a579fb695a5956a54106c1187f27c9ccee8508726d2e59cfc", size = 346287 },
    { url = "https://files.pythonhosted.org/packages/4e/f3/ae1d6e474e2ab6a04abf244450424b62c196eb3597885cb7b90d858b3b06/jellyfish-1.1.0-cp312-cp312-manylinux_2_17_armv7l.manylinux2014_armv7l.whl", hash = "sha256:e41677ec860454da5977c698fc64fed73b4054a92c5c62ba7d1af535f8082ac7", size = 343892 },
    { url = "https://files.pythonhosted.org/packages/1c/41/91ff9bbf83389fba009de3896ae5f44292242990e53bdbece106eceb33ad/jellyfish-1.1.0-cp312-cp312-manylinux_2_17_x86_64.manylinux2014_x86_64.whl", hash = "sha256:e9d4002d01252f18eb26f28b66f6c9ce0696221804d8769553c5912b2f221a18", size = 335763 },
    { url = "https://files.pythonhosted.org/packages/33/dd/6a0e7023e0c0aaa1b5a55665062f35bc204cf8dba33816787f383416d23d/jellyfish-1.1.0-cp312-cp312-musllinux_1_1_aarch64.whl", hash = "sha256:936df26c10ca6cd6b4f0fb97753087354c568e2129c197cbb4e0f0172db7511f", size = 525046 },
    { url = "https://files.pythonhosted.org/packages/96/5d/e37ff36554871d02c9248d3f7837479b0c8f6e92cdeee4e6b017f10e39de/jellyfish-1.1.0-cp312-cp312-musllinux_1_1_i686.whl", hash = "sha256:684c2093fa0d68a91146e15a1e9ca859259b19d3bc36ec4d60948d86751f744e", size = 529581 },
    { url = "https://files.pythonhosted.org/packages/70/25/3a3a39df1c3b28d1e6c0f1693047dec7450d5406ec2c516ac93e35883af5/jellyfish-1.1.0-cp312-cp312-musllinux_1_1_x86_64.whl", hash = "sha256:2fcaefebe9d67f282d89d3a66646b77184a42b3eca2771636789b2dc1288c003", size = 506686 },
    { url = "https://files.pythonhosted.org/packages/4e/9c/37c1701ac56c978043239430b69845900632b485573259eac6de015a2ea7/jellyfish-1.1.0-cp312-none-win32.whl", hash = "sha256:e512c99941a257541ffd9f75c7a5c4689de0206841b72f1eb015599d17fed2c3", size = 201172 },
    { url = "https://files.pythonhosted.org/packages/de/a5/07ee2c08dcf970284e6412c9b8cb7f79222fc9e2aaf9b3c45837d8e2173b/jellyfish-1.1.0-cp312-none-win_amd64.whl", hash = "sha256:2b928bad2887c662783a4d9b5828ed1fa0e943f680589f7fc002c456fc02e184", size = 206918 },
    { url = "https://files.pythonhosted.org/packages/10/72/fc8d6c159d7fad7f8563bdd2a4ba5c24839940f5d6480ae3f1416d40b69b/jellyfish-1.1.0-cp39-cp39-macosx_10_12_x86_64.whl", hash = "sha256:e965241e54f9cb9be6fe8f7a1376b6cc61ff831de017bde9150156771820f669", size = 307135 },
    { url = "https://files.pythonhosted.org/packages/d2/bb/dd01a1a005b2d71a82d4c709a9a335410e9f91d67ed4e3bdbca4b8ee9cef/jellyfish-1.1.0-cp39-cp39-macosx_11_0_arm64.whl", hash = "sha256:3e59a4c3bf0847dfff44195a4c250bc9e281b1c403f6212534ee36fc7c913dc1", size = 303435 },
    { url = "https://files.pythonhosted.org/packages/9a/b4/41cb968baaf411386e18280ff87059c1c0ea11defa4e51a05dc343968f44/jellyfish-1.1.0-cp39-cp39-manylinux_2_17_aarch64.manylinux2014_aarch64.whl", hash = "sha256:84fa4e72b7754060d352604e07ea89af98403b0436caad443276ae46135b7fd7", size = 346527 },
    { url = "https://files.pythonhosted.org/packages/73/e5/b137559228ba3d83f1af14e60f8348dab8a7e01df759708288cd16070394/jellyfish-1.1.0-cp39-cp39-manylinux_2_17_armv7l.manylinux2014_armv7l.whl", hash = "sha256:125e9bfd1cc2c053eae3afa04fa142bbc8b3c1290a40a3416271b221f7e6bc87", size = 344091 },
    { url = "https://files.pythonhosted.org/packages/13/7a/90d4a938a0a914c4d0a84fa9e0d60dc909c375ea6a3b879817b483099d8e/jellyfish-1.1.0-cp39-cp39-manylinux_2_17_x86_64.manylinux2014_x86_64.whl", hash = "sha256:e4a8fff36462bf1bdaa339d58fadd7e79a63690902e6d7ddd65a84efc3a4cc6d", size = 336373 },
    { url = "https://files.pythonhosted.org/packages/35/53/a7a1a2f9bd82ca451d15875ea350e4fa232b7215c9350aa139b1c55038d5/jellyfish-1.1.0-cp39-cp39-musllinux_1_1_aarch64.whl", hash = "sha256:6b438b3d7f970cfd8f77b30b05694537a54c08f3775b35debae45ff5a469f1a5", size = 525508 },
    { url = "https://files.pythonhosted.org/packages/85/10/8c4899b695f246c549079b19855d644bc78648b0a16d9f7e87684571c36e/jellyfish-1.1.0-cp39-cp39-musllinux_1_1_i686.whl", hash = "sha256:cf8d26c3735b5c2764cc53482dec14bb9b794ba829db3cd4c9a29d194a61cada", size = 529746 },
    { url = "https://files.pythonhosted.org/packages/76/73/a975850734327f0a0caeaf079f0b26d16ca65f72302615a7dd25453d4767/jellyfish-1.1.0-cp39-cp39-musllinux_1_1_x86_64.whl", hash = "sha256:f341d0582ecac0aa73f380056dc8d25d8a60104f94debe8bf3f924a32a11588d", size = 507328 },
    { url = "https://files.pythonhosted.org/packages/38/07/8f6cedf852907500baf6dee4eb51497bf0ef1dcb3612852417e03052cce8/jellyfish-1.1.0-cp39-none-win32.whl", hash = "sha256:49f2be59573b22d0adb615585ff66ca050198ec1f9f6784eec168bcd8137caf5", size = 201525 },
    { url = "https://files.pythonhosted.org/packages/ef/68/3c3c1d3ab7e7277fb6316e69009477396a0db574feb82b12e6640b14243e/jellyfish-1.1.0-cp39-none-win_amd64.whl", hash = "sha256:c58988138666b1cd860004c1afc7a09bb402e71e16e1f324be5c5d2b85fdfa3e", size = 207278 },
    { url = "https://files.pythonhosted.org/packages/2e/e4/4d87b377af913633c45a3b65ea2a2113d0acf4194748f8d16c20a4989fb1/jellyfish-1.1.0-pp310-pypy310_pp73-manylinux_2_17_aarch64.manylinux2014_aarch64.whl", hash = "sha256:54effec80c7a5013bea8e2ea6cd87fdd35a2c5b35f86ccf69ec33f4212245f25", size = 348149 },
    { url = "https://files.pythonhosted.org/packages/67/db/d166a55444bfea3460bc477af96defcdf84b2b045a225c90fa379bcdf0e9/jellyfish-1.1.0-pp310-pypy310_pp73-manylinux_2_17_armv7l.manylinux2014_armv7l.whl", hash = "sha256:12ae67e9016c9a173453023fd7b400ec002bbc106c12722d914c53951acfa190", size = 345503 },
    { url = "https://files.pythonhosted.org/packages/c1/66/a9fce02be03110e6259ee07acd4f6b89b6914c9904089c7f2c3d524bf455/jellyfish-1.1.0-pp310-pypy310_pp73-manylinux_2_17_x86_64.manylinux2014_x86_64.whl", hash = "sha256:efd342f9d4fb0ead8a3c30fe26e442308fb665ca37f4aa97baf448d814469bf1", size = 337608 },
    { url = "https://files.pythonhosted.org/packages/da/6b/f392fbd61db0649bb67b66edc3b3fc5defcb944cd1c18f0e7bb784cb5223/jellyfish-1.1.0-pp310-pypy310_pp73-musllinux_1_1_aarch64.whl", hash = "sha256:b0dc9f1bb335b6caa412c3d27028e25d315ef2bc993d425db93e451d7bc28056", size = 527251 },
    { url = "https://files.pythonhosted.org/packages/d9/e5/c0662901217afca989b6f6263a6b728a46d213eadbae756d050e0beef7ba/jellyfish-1.1.0-pp310-pypy310_pp73-musllinux_1_1_i686.whl", hash = "sha256:3f12cb59b3266e37ec47bd7c2c37faadc74ae8ccdc0190444daeafda3bd93da2", size = 531325 },
    { url = "https://files.pythonhosted.org/packages/9e/10/93ab864ba8c59b4436d5a2260058995b5da22a864d969860b1ade0a7743f/jellyfish-1.1.0-pp310-pypy310_pp73-musllinux_1_1_x86_64.whl", hash = "sha256:c7ea99734b7767243b5b98eca953f0d719b48b0d630af3965638699728ef7523", size = 508647 },
    { url = "https://files.pythonhosted.org/packages/08/b6/7347ddc9d1d54a24bf28279b19bfa601f2ae04bdf3fffd1342b443c4c52e/jellyfish-1.1.0-pp39-pypy39_pp73-macosx_10_12_x86_64.whl", hash = "sha256:ca252e6088c6afe5f8138ce9f557157ad0329f0610914ba50729c641d57cd662", size = 308958 },
    { url = "https://files.pythonhosted.org/packages/a9/bf/0d610dbc026f0899899022087d698b0e156df349d5ae239de97b37788499/jellyfish-1.1.0-pp39-pypy39_pp73-macosx_11_0_arm64.whl", hash = "sha256:b2512ab6a1625a168796faaa159e1d1b8847cb3d0cc2b1b09ae77ff0623e7d10", size = 305858 },
    { url = "https://files.pythonhosted.org/packages/29/cd/447370d4ae1f7c5c80729a7f1e25dcac6a9a30eec0ac1ec7a6e2085391bf/jellyfish-1.1.0-pp39-pypy39_pp73-manylinux_2_17_aarch64.manylinux2014_aarch64.whl", hash = "sha256:b868da3186306efb48fbd8a8dee0a742a5c8bc9c4c74aa5003914a8600435ba8", size = 349194 },
    { url = "https://files.pythonhosted.org/packages/ea/63/5baf9b46e212659ddba605cdcb61adb6a1934701e0f7805344a844122fc6/jellyfish-1.1.0-pp39-pypy39_pp73-manylinux_2_17_armv7l.manylinux2014_armv7l.whl", hash = "sha256:bcc2cb1f007ddfad2f9175a8c1f934a8a0a6cc73187e2339fe1a4b3fd90b263e", size = 346517 },
    { url = "https://files.pythonhosted.org/packages/46/47/c211ff62b8bcd28059403867b6c7280d1cbf8e949f455ad05cd08870196a/jellyfish-1.1.0-pp39-pypy39_pp73-manylinux_2_17_x86_64.manylinux2014_x86_64.whl", hash = "sha256:4e17885647f3a0faf1518cf6b319865b2e84439cfc16a3ea14468513c0fba227", size = 339035 },
    { url = "https://files.pythonhosted.org/packages/f5/92/4a946bbb94da71a141daf9c15080a4e5227ec7040820f516f91c5d5dc387/jellyfish-1.1.0-pp39-pypy39_pp73-musllinux_1_1_aarch64.whl", hash = "sha256:84ea543d05e6b7a7a704d45ebd9c753e2425da01fc5000ddc149031be541c4d5", size = 528001 },
    { url = "https://files.pythonhosted.org/packages/f4/01/627ccddd0695bf539ddd559fb78d40551482f5c8b9cc952571313c864812/jellyfish-1.1.0-pp39-pypy39_pp73-musllinux_1_1_i686.whl", hash = "sha256:065a59ab0d02969d45e5ab4b0315ed6f5977a4eb8eaef24f2589e25b85822d18", size = 532444 },
    { url = "https://files.pythonhosted.org/packages/58/fb/27100ab65aa426cdf5af04ca129f884ee36f8051c61c0909c1b06516c8f4/jellyfish-1.1.0-pp39-pypy39_pp73-musllinux_1_1_x86_64.whl", hash = "sha256:f747f34071e1558151b342a2bf96b813e04b5384024ba7c50f3c907fbaab484f", size = 509631 },
]

[[package]]
name = "mediafile"
version = "0.12.0"
source = { registry = "https://pypi.org/simple" }
dependencies = [
    { name = "mutagen" },
    { name = "six" },
]
sdist = { url = "https://files.pythonhosted.org/packages/27/6d/b30759aa51fed37da31d8628a36dc7c95f85329538dd5c5c8540db4a4af0/mediafile-0.12.0.tar.gz", hash = "sha256:d75d805a06ed56150dbcea76505e700f9809abd9e98f98117ae46f5df2ccf1d7", size = 563534 }
wheels = [
    { url = "https://files.pythonhosted.org/packages/f7/bd/cc250fbe08ec4ac7631bc991f91703945e089c2c73429954f5a51e62a402/mediafile-0.12.0-py3-none-any.whl", hash = "sha256:6b6fdb61bb151cd9d6a8a8821ce28adee604ede8a9a992f0d9dd3e835ef4899b", size = 21988 },
]

[[package]]
name = "munkres"
version = "1.1.4"
source = { registry = "https://pypi.org/simple" }
sdist = { url = "https://files.pythonhosted.org/packages/fd/41/6a3d0ef908f47d07c31e5d1c2504388c27c39b10b8cf610175b5a789a5c1/munkres-1.1.4.tar.gz", hash = "sha256:fc44bf3c3979dada4b6b633ddeeb8ffbe8388ee9409e4d4e8310c2da1792db03", size = 14047 }
wheels = [
    { url = "https://files.pythonhosted.org/packages/90/ab/0301c945a704218bc9435f0e3c88884f6b19ef234d8899fb47ce1ccfd0c9/munkres-1.1.4-py2.py3-none-any.whl", hash = "sha256:6b01867d4a8480d865aea2326e4b8f7c46431e9e55b4a2e32d989307d7bced2a", size = 7015 },
]

[[package]]
name = "musicbrainzngs"
version = "0.7.1"
source = { registry = "https://pypi.org/simple" }
sdist = { url = "https://files.pythonhosted.org/packages/0a/67/3e74ae93d90ceeba72ed1a266dd3ca9abd625f315f0afd35f9b034acedd1/musicbrainzngs-0.7.1.tar.gz", hash = "sha256:ab1c0100fd0b305852e65f2ed4113c6de12e68afd55186987b8ed97e0f98e627", size = 117469 }
wheels = [
    { url = "https://files.pythonhosted.org/packages/6d/fd/cef7b2580436910ccd2f8d3deec0f3c81743e15c0eb5b97dde3fbf33c0c8/musicbrainzngs-0.7.1-py2.py3-none-any.whl", hash = "sha256:e841a8f975104c0a72290b09f59326050194081a5ae62ee512f41915090e1a10", size = 25289 },
]

[[package]]
name = "mutagen"
version = "1.47.0"
source = { registry = "https://pypi.org/simple" }
sdist = { url = "https://files.pythonhosted.org/packages/81/e6/64bc71b74eef4b68e61eb921dcf72dabd9e4ec4af1e11891bbd312ccbb77/mutagen-1.47.0.tar.gz", hash = "sha256:719fadef0a978c31b4cf3c956261b3c58b6948b32023078a2117b1de09f0fc99", size = 1274186 }
wheels = [
    { url = "https://files.pythonhosted.org/packages/b0/7a/620f945b96be1f6ee357d211d5bf74ab1b7fe72a9f1525aafbfe3aee6875/mutagen-1.47.0-py3-none-any.whl", hash = "sha256:edd96f50c5907a9539d8e5bba7245f62c9f520aef333d13392a79a4f70aca719", size = 194391 },
]

[[package]]
name = "packaging"
version = "24.1"
source = { registry = "https://pypi.org/simple" }
sdist = { url = "https://files.pythonhosted.org/packages/51/65/50db4dda066951078f0a96cf12f4b9ada6e4b811516bf0262c0f4f7064d4/packaging-24.1.tar.gz", hash = "sha256:026ed72c8ed3fcce5bf8950572258698927fd1dbda10a5e981cdf0ac37f4f002", size = 148788 }
wheels = [
    { url = "https://files.pythonhosted.org/packages/08/aa/cc0199a5f0ad350994d660967a8efb233fe0416e4639146c089643407ce6/packaging-24.1-py3-none-any.whl", hash = "sha256:5b8f2217dbdbd2f7f384c41c628544e6d52f2d0f53c6d0c3ea61aa5d1d7ff124", size = 53985 },
]

[[package]]
name = "pluggy"
version = "1.5.0"
source = { registry = "https://pypi.org/simple" }
sdist = { url = "https://files.pythonhosted.org/packages/96/2d/02d4312c973c6050a18b314a5ad0b3210edb65a906f868e31c111dede4a6/pluggy-1.5.0.tar.gz", hash = "sha256:2cffa88e94fdc978c4c574f15f9e59b7f4201d439195c3715ca9e2486f1d0cf1", size = 67955 }
wheels = [
    { url = "https://files.pythonhosted.org/packages/88/5f/e351af9a41f866ac3f1fac4ca0613908d9a41741cfcf2228f4ad853b697d/pluggy-1.5.0-py3-none-any.whl", hash = "sha256:44e1ad92c8ca002de6377e165f3e0f1be63266ab4d554740532335b9d75ea669", size = 20556 },
]

[[package]]
name = "pytest"
version = "8.0.2"
source = { registry = "https://pypi.org/simple" }
dependencies = [
    { name = "colorama", marker = "sys_platform == 'win32'" },
    { name = "exceptiongroup", marker = "python_full_version < '3.11'" },
    { name = "iniconfig" },
    { name = "packaging" },
    { name = "pluggy" },
    { name = "tomli", marker = "python_full_version < '3.11'" },
]
sdist = { url = "https://files.pythonhosted.org/packages/3f/c0/238f25cb27495fdbaa5c48cef9886162e9df1f3d0e957fc8326d9c24fa2f/pytest-8.0.2.tar.gz", hash = "sha256:d4051d623a2e0b7e51960ba963193b09ce6daeb9759a451844a21e4ddedfc1bd", size = 1396924 }
wheels = [
    { url = "https://files.pythonhosted.org/packages/a7/ea/d0ab9595a0d4b2320483e634123171deaf50885e29d442180efcbf2ed0b2/pytest-8.0.2-py3-none-any.whl", hash = "sha256:edfaaef32ce5172d5466b5127b42e0d6d35ebbe4453f0e3505d96afd93f6b096", size = 333984 },
]

[[package]]
name = "pyyaml"
version = "6.0.2"
source = { registry = "https://pypi.org/simple" }
sdist = { url = "https://files.pythonhosted.org/packages/54/ed/79a089b6be93607fa5cdaedf301d7dfb23af5f25c398d5ead2525b063e17/pyyaml-6.0.2.tar.gz", hash = "sha256:d584d9ec91ad65861cc08d42e834324ef890a082e591037abe114850ff7bbc3e", size = 130631 }
wheels = [
    { url = "https://files.pythonhosted.org/packages/9b/95/a3fac87cb7158e231b5a6012e438c647e1a87f09f8e0d123acec8ab8bf71/PyYAML-6.0.2-cp310-cp310-macosx_10_9_x86_64.whl", hash = "sha256:0a9a2848a5b7feac301353437eb7d5957887edbf81d56e903999a75a3d743086", size = 184199 },
    { url = "https://files.pythonhosted.org/packages/c7/7a/68bd47624dab8fd4afbfd3c48e3b79efe09098ae941de5b58abcbadff5cb/PyYAML-6.0.2-cp310-cp310-macosx_11_0_arm64.whl", hash = "sha256:29717114e51c84ddfba879543fb232a6ed60086602313ca38cce623c1d62cfbf", size = 171758 },
    { url = "https://files.pythonhosted.org/packages/49/ee/14c54df452143b9ee9f0f29074d7ca5516a36edb0b4cc40c3f280131656f/PyYAML-6.0.2-cp310-cp310-manylinux_2_17_aarch64.manylinux2014_aarch64.whl", hash = "sha256:8824b5a04a04a047e72eea5cec3bc266db09e35de6bdfe34c9436ac5ee27d237", size = 718463 },
    { url = "https://files.pythonhosted.org/packages/4d/61/de363a97476e766574650d742205be468921a7b532aa2499fcd886b62530/PyYAML-6.0.2-cp310-cp310-manylinux_2_17_s390x.manylinux2014_s390x.whl", hash = "sha256:7c36280e6fb8385e520936c3cb3b8042851904eba0e58d277dca80a5cfed590b", size = 719280 },
    { url = "https://files.pythonhosted.org/packages/6b/4e/1523cb902fd98355e2e9ea5e5eb237cbc5f3ad5f3075fa65087aa0ecb669/PyYAML-6.0.2-cp310-cp310-manylinux_2_17_x86_64.manylinux2014_x86_64.whl", hash = "sha256:ec031d5d2feb36d1d1a24380e4db6d43695f3748343d99434e6f5f9156aaa2ed", size = 751239 },
    { url = "https://files.pythonhosted.org/packages/b7/33/5504b3a9a4464893c32f118a9cc045190a91637b119a9c881da1cf6b7a72/PyYAML-6.0.2-cp310-cp310-musllinux_1_1_aarch64.whl", hash = "sha256:936d68689298c36b53b29f23c6dbb74de12b4ac12ca6cfe0e047bedceea56180", size = 695802 },
    { url = "https://files.pythonhosted.org/packages/5c/20/8347dcabd41ef3a3cdc4f7b7a2aff3d06598c8779faa189cdbf878b626a4/PyYAML-6.0.2-cp310-cp310-musllinux_1_1_x86_64.whl", hash = "sha256:23502f431948090f597378482b4812b0caae32c22213aecf3b55325e049a6c68", size = 720527 },
    { url = "https://files.pythonhosted.org/packages/be/aa/5afe99233fb360d0ff37377145a949ae258aaab831bde4792b32650a4378/PyYAML-6.0.2-cp310-cp310-win32.whl", hash = "sha256:2e99c6826ffa974fe6e27cdb5ed0021786b03fc98e5ee3c5bfe1fd5015f42b99", size = 144052 },
    { url = "https://files.pythonhosted.org/packages/b5/84/0fa4b06f6d6c958d207620fc60005e241ecedceee58931bb20138e1e5776/PyYAML-6.0.2-cp310-cp310-win_amd64.whl", hash = "sha256:a4d3091415f010369ae4ed1fc6b79def9416358877534caf6a0fdd2146c87a3e", size = 161774 },
    { url = "https://files.pythonhosted.org/packages/f8/aa/7af4e81f7acba21a4c6be026da38fd2b872ca46226673c89a758ebdc4fd2/PyYAML-6.0.2-cp311-cp311-macosx_10_9_x86_64.whl", hash = "sha256:cc1c1159b3d456576af7a3e4d1ba7e6924cb39de8f67111c735f6fc832082774", size = 184612 },
    { url = "https://files.pythonhosted.org/packages/8b/62/b9faa998fd185f65c1371643678e4d58254add437edb764a08c5a98fb986/PyYAML-6.0.2-cp311-cp311-macosx_11_0_arm64.whl", hash = "sha256:1e2120ef853f59c7419231f3bf4e7021f1b936f6ebd222406c3b60212205d2ee", size = 172040 },
    { url = "https://files.pythonhosted.org/packages/ad/0c/c804f5f922a9a6563bab712d8dcc70251e8af811fce4524d57c2c0fd49a4/PyYAML-6.0.2-cp311-cp311-manylinux_2_17_aarch64.manylinux2014_aarch64.whl", hash = "sha256:5d225db5a45f21e78dd9358e58a98702a0302f2659a3c6cd320564b75b86f47c", size = 736829 },
    { url = "https://files.pythonhosted.org/packages/51/16/6af8d6a6b210c8e54f1406a6b9481febf9c64a3109c541567e35a49aa2e7/PyYAML-6.0.2-cp311-cp311-manylinux_2_17_s390x.manylinux2014_s390x.whl", hash = "sha256:5ac9328ec4831237bec75defaf839f7d4564be1e6b25ac710bd1a96321cc8317", size = 764167 },
    { url = "https://files.pythonhosted.org/packages/75/e4/2c27590dfc9992f73aabbeb9241ae20220bd9452df27483b6e56d3975cc5/PyYAML-6.0.2-cp311-cp311-manylinux_2_17_x86_64.manylinux2014_x86_64.whl", hash = "sha256:3ad2a3decf9aaba3d29c8f537ac4b243e36bef957511b4766cb0057d32b0be85", size = 762952 },
    { url = "https://files.pythonhosted.org/packages/9b/97/ecc1abf4a823f5ac61941a9c00fe501b02ac3ab0e373c3857f7d4b83e2b6/PyYAML-6.0.2-cp311-cp311-musllinux_1_1_aarch64.whl", hash = "sha256:ff3824dc5261f50c9b0dfb3be22b4567a6f938ccce4587b38952d85fd9e9afe4", size = 735301 },
    { url = "https://files.pythonhosted.org/packages/45/73/0f49dacd6e82c9430e46f4a027baa4ca205e8b0a9dce1397f44edc23559d/PyYAML-6.0.2-cp311-cp311-musllinux_1_1_x86_64.whl", hash = "sha256:797b4f722ffa07cc8d62053e4cff1486fa6dc094105d13fea7b1de7d8bf71c9e", size = 756638 },
    { url = "https://files.pythonhosted.org/packages/22/5f/956f0f9fc65223a58fbc14459bf34b4cc48dec52e00535c79b8db361aabd/PyYAML-6.0.2-cp311-cp311-win32.whl", hash = "sha256:11d8f3dd2b9c1207dcaf2ee0bbbfd5991f571186ec9cc78427ba5bd32afae4b5", size = 143850 },
    { url = "https://files.pythonhosted.org/packages/ed/23/8da0bbe2ab9dcdd11f4f4557ccaf95c10b9811b13ecced089d43ce59c3c8/PyYAML-6.0.2-cp311-cp311-win_amd64.whl", hash = "sha256:e10ce637b18caea04431ce14fabcf5c64a1c61ec9c56b071a4b7ca131ca52d44", size = 161980 },
    { url = "https://files.pythonhosted.org/packages/86/0c/c581167fc46d6d6d7ddcfb8c843a4de25bdd27e4466938109ca68492292c/PyYAML-6.0.2-cp312-cp312-macosx_10_9_x86_64.whl", hash = "sha256:c70c95198c015b85feafc136515252a261a84561b7b1d51e3384e0655ddf25ab", size = 183873 },
    { url = "https://files.pythonhosted.org/packages/a8/0c/38374f5bb272c051e2a69281d71cba6fdb983413e6758b84482905e29a5d/PyYAML-6.0.2-cp312-cp312-macosx_11_0_arm64.whl", hash = "sha256:ce826d6ef20b1bc864f0a68340c8b3287705cae2f8b4b1d932177dcc76721725", size = 173302 },
    { url = "https://files.pythonhosted.org/packages/c3/93/9916574aa8c00aa06bbac729972eb1071d002b8e158bd0e83a3b9a20a1f7/PyYAML-6.0.2-cp312-cp312-manylinux_2_17_aarch64.manylinux2014_aarch64.whl", hash = "sha256:1f71ea527786de97d1a0cc0eacd1defc0985dcf6b3f17bb77dcfc8c34bec4dc5", size = 739154 },
    { url = "https://files.pythonhosted.org/packages/95/0f/b8938f1cbd09739c6da569d172531567dbcc9789e0029aa070856f123984/PyYAML-6.0.2-cp312-cp312-manylinux_2_17_s390x.manylinux2014_s390x.whl", hash = "sha256:9b22676e8097e9e22e36d6b7bda33190d0d400f345f23d4065d48f4ca7ae0425", size = 766223 },
    { url = "https://files.pythonhosted.org/packages/b9/2b/614b4752f2e127db5cc206abc23a8c19678e92b23c3db30fc86ab731d3bd/PyYAML-6.0.2-cp312-cp312-manylinux_2_17_x86_64.manylinux2014_x86_64.whl", hash = "sha256:80bab7bfc629882493af4aa31a4cfa43a4c57c83813253626916b8c7ada83476", size = 767542 },
    { url = "https://files.pythonhosted.org/packages/d4/00/dd137d5bcc7efea1836d6264f049359861cf548469d18da90cd8216cf05f/PyYAML-6.0.2-cp312-cp312-musllinux_1_1_aarch64.whl", hash = "sha256:0833f8694549e586547b576dcfaba4a6b55b9e96098b36cdc7ebefe667dfed48", size = 731164 },
    { url = "https://files.pythonhosted.org/packages/c9/1f/4f998c900485e5c0ef43838363ba4a9723ac0ad73a9dc42068b12aaba4e4/PyYAML-6.0.2-cp312-cp312-musllinux_1_1_x86_64.whl", hash = "sha256:8b9c7197f7cb2738065c481a0461e50ad02f18c78cd75775628afb4d7137fb3b", size = 756611 },
    { url = "https://files.pythonhosted.org/packages/df/d1/f5a275fdb252768b7a11ec63585bc38d0e87c9e05668a139fea92b80634c/PyYAML-6.0.2-cp312-cp312-win32.whl", hash = "sha256:ef6107725bd54b262d6dedcc2af448a266975032bc85ef0172c5f059da6325b4", size = 140591 },
    { url = "https://files.pythonhosted.org/packages/0c/e8/4f648c598b17c3d06e8753d7d13d57542b30d56e6c2dedf9c331ae56312e/PyYAML-6.0.2-cp312-cp312-win_amd64.whl", hash = "sha256:7e7401d0de89a9a855c839bc697c079a4af81cf878373abd7dc625847d25cbd8", size = 156338 },
    { url = "https://files.pythonhosted.org/packages/ef/e3/3af305b830494fa85d95f6d95ef7fa73f2ee1cc8ef5b495c7c3269fb835f/PyYAML-6.0.2-cp313-cp313-macosx_10_13_x86_64.whl", hash = "sha256:efdca5630322a10774e8e98e1af481aad470dd62c3170801852d752aa7a783ba", size = 181309 },
    { url = "https://files.pythonhosted.org/packages/45/9f/3b1c20a0b7a3200524eb0076cc027a970d320bd3a6592873c85c92a08731/PyYAML-6.0.2-cp313-cp313-macosx_11_0_arm64.whl", hash = "sha256:50187695423ffe49e2deacb8cd10510bc361faac997de9efef88badc3bb9e2d1", size = 171679 },
    { url = "https://files.pythonhosted.org/packages/7c/9a/337322f27005c33bcb656c655fa78325b730324c78620e8328ae28b64d0c/PyYAML-6.0.2-cp313-cp313-manylinux_2_17_aarch64.manylinux2014_aarch64.whl", hash = "sha256:0ffe8360bab4910ef1b9e87fb812d8bc0a308b0d0eef8c8f44e0254ab3b07133", size = 733428 },
    { url = "https://files.pythonhosted.org/packages/a3/69/864fbe19e6c18ea3cc196cbe5d392175b4cf3d5d0ac1403ec3f2d237ebb5/PyYAML-6.0.2-cp313-cp313-manylinux_2_17_s390x.manylinux2014_s390x.whl", hash = "sha256:17e311b6c678207928d649faa7cb0d7b4c26a0ba73d41e99c4fff6b6c3276484", size = 763361 },
    { url = "https://files.pythonhosted.org/packages/04/24/b7721e4845c2f162d26f50521b825fb061bc0a5afcf9a386840f23ea19fa/PyYAML-6.0.2-cp313-cp313-manylinux_2_17_x86_64.manylinux2014_x86_64.whl", hash = "sha256:70b189594dbe54f75ab3a1acec5f1e3faa7e8cf2f1e08d9b561cb41b845f69d5", size = 759523 },
    { url = "https://files.pythonhosted.org/packages/2b/b2/e3234f59ba06559c6ff63c4e10baea10e5e7df868092bf9ab40e5b9c56b6/PyYAML-6.0.2-cp313-cp313-musllinux_1_1_aarch64.whl", hash = "sha256:41e4e3953a79407c794916fa277a82531dd93aad34e29c2a514c2c0c5fe971cc", size = 726660 },
    { url = "https://files.pythonhosted.org/packages/fe/0f/25911a9f080464c59fab9027482f822b86bf0608957a5fcc6eaac85aa515/PyYAML-6.0.2-cp313-cp313-musllinux_1_1_x86_64.whl", hash = "sha256:68ccc6023a3400877818152ad9a1033e3db8625d899c72eacb5a668902e4d652", size = 751597 },
    { url = "https://files.pythonhosted.org/packages/14/0d/e2c3b43bbce3cf6bd97c840b46088a3031085179e596d4929729d8d68270/PyYAML-6.0.2-cp313-cp313-win32.whl", hash = "sha256:bc2fa7c6b47d6bc618dd7fb02ef6fdedb1090ec036abab80d4681424b84c1183", size = 140527 },
    { url = "https://files.pythonhosted.org/packages/fa/de/02b54f42487e3d3c6efb3f89428677074ca7bf43aae402517bc7cca949f3/PyYAML-6.0.2-cp313-cp313-win_amd64.whl", hash = "sha256:8388ee1976c416731879ac16da0aff3f63b286ffdd57cdeb95f3f2e085687563", size = 156446 },
    { url = "https://files.pythonhosted.org/packages/65/d8/b7a1db13636d7fb7d4ff431593c510c8b8fca920ade06ca8ef20015493c5/PyYAML-6.0.2-cp39-cp39-macosx_10_9_x86_64.whl", hash = "sha256:688ba32a1cffef67fd2e9398a2efebaea461578b0923624778664cc1c914db5d", size = 184777 },
    { url = "https://files.pythonhosted.org/packages/0a/02/6ec546cd45143fdf9840b2c6be8d875116a64076218b61d68e12548e5839/PyYAML-6.0.2-cp39-cp39-macosx_11_0_arm64.whl", hash = "sha256:a8786accb172bd8afb8be14490a16625cbc387036876ab6ba70912730faf8e1f", size = 172318 },
    { url = "https://files.pythonhosted.org/packages/0e/9a/8cc68be846c972bda34f6c2a93abb644fb2476f4dcc924d52175786932c9/PyYAML-6.0.2-cp39-cp39-manylinux_2_17_aarch64.manylinux2014_aarch64.whl", hash = "sha256:d8e03406cac8513435335dbab54c0d385e4a49e4945d2909a581c83647ca0290", size = 720891 },
    { url = "https://files.pythonhosted.org/packages/e9/6c/6e1b7f40181bc4805e2e07f4abc10a88ce4648e7e95ff1abe4ae4014a9b2/PyYAML-6.0.2-cp39-cp39-manylinux_2_17_s390x.manylinux2014_s390x.whl", hash = "sha256:f753120cb8181e736c57ef7636e83f31b9c0d1722c516f7e86cf15b7aa57ff12", size = 722614 },
    { url = "https://files.pythonhosted.org/packages/3d/32/e7bd8535d22ea2874cef6a81021ba019474ace0d13a4819c2a4bce79bd6a/PyYAML-6.0.2-cp39-cp39-manylinux_2_17_x86_64.manylinux2014_x86_64.whl", hash = "sha256:3b1fdb9dc17f5a7677423d508ab4f243a726dea51fa5e70992e59a7411c89d19", size = 737360 },
    { url = "https://files.pythonhosted.org/packages/d7/12/7322c1e30b9be969670b672573d45479edef72c9a0deac3bb2868f5d7469/PyYAML-6.0.2-cp39-cp39-musllinux_1_1_aarch64.whl", hash = "sha256:0b69e4ce7a131fe56b7e4d770c67429700908fc0752af059838b1cfb41960e4e", size = 699006 },
    { url = "https://files.pythonhosted.org/packages/82/72/04fcad41ca56491995076630c3ec1e834be241664c0c09a64c9a2589b507/PyYAML-6.0.2-cp39-cp39-musllinux_1_1_x86_64.whl", hash = "sha256:a9f8c2e67970f13b16084e04f134610fd1d374bf477b17ec1599185cf611d725", size = 723577 },
    { url = "https://files.pythonhosted.org/packages/ed/5e/46168b1f2757f1fcd442bc3029cd8767d88a98c9c05770d8b420948743bb/PyYAML-6.0.2-cp39-cp39-win32.whl", hash = "sha256:6395c297d42274772abc367baaa79683958044e5d3835486c16da75d2a694631", size = 144593 },
    { url = "https://files.pythonhosted.org/packages/19/87/5124b1c1f2412bb95c59ec481eaf936cd32f0fe2a7b16b97b81c4c017a6a/PyYAML-6.0.2-cp39-cp39-win_amd64.whl", hash = "sha256:39693e1f8320ae4f43943590b49779ffb98acb81f788220ea932a6b6c51004d8", size = 162312 },
]

[[package]]
name = "ruff"
version = "0.6.3"
source = { registry = "https://pypi.org/simple" }
sdist = { url = "https://files.pythonhosted.org/packages/5d/f9/0b32e5d1c6f957df49398cd882a011e9488fcbca0d6acfeeea50ccd37a4d/ruff-0.6.3.tar.gz", hash = "sha256:183b99e9edd1ef63be34a3b51fee0a9f4ab95add123dbf89a71f7b1f0c991983", size = 2463514 }
wheels = [
    { url = "https://files.pythonhosted.org/packages/72/68/1da6a1e39a03a229ea57c511691d6225072759cc7764206c3f0989521194/ruff-0.6.3-py3-none-linux_armv6l.whl", hash = "sha256:97f58fda4e309382ad30ede7f30e2791d70dd29ea17f41970119f55bdb7a45c3", size = 9696928 },
    { url = "https://files.pythonhosted.org/packages/6e/59/3b8b1d3a4271c6eb6ceecd3cef19a6d881639a0f18ad651563d6f619aaae/ruff-0.6.3-py3-none-macosx_10_12_x86_64.whl", hash = "sha256:3b061e49b5cf3a297b4d1c27ac5587954ccb4ff601160d3d6b2f70b1622194dc", size = 9448462 },
    { url = "https://files.pythonhosted.org/packages/35/4f/b942ecb8bbebe53aa9b33e9b96df88acd50b70adaaed3070f1d92131a1cb/ruff-0.6.3-py3-none-macosx_11_0_arm64.whl", hash = "sha256:34e2824a13bb8c668c71c1760a6ac7d795ccbd8d38ff4a0d8471fdb15de910b1", size = 9176190 },
    { url = "https://files.pythonhosted.org/packages/a0/20/b0bcb29d4ee437f3567b73b6905c034e2e94d29b9b826c66daecc1cf6388/ruff-0.6.3-py3-none-manylinux_2_17_aarch64.manylinux2014_aarch64.whl", hash = "sha256:bddfbb8d63c460f4b4128b6a506e7052bad4d6f3ff607ebbb41b0aa19c2770d1", size = 10108892 },
    { url = "https://files.pythonhosted.org/packages/9c/e3/211bc759f424e8823a9937e0f678695ca02113c621dfde1fa756f9f26f6d/ruff-0.6.3-py3-none-manylinux_2_17_armv7l.manylinux2014_armv7l.whl", hash = "sha256:ced3eeb44df75353e08ab3b6a9e113b5f3f996bea48d4f7c027bc528ba87b672", size = 9476471 },
    { url = "https://files.pythonhosted.org/packages/b2/a3/2ec35a2d7a554364864206f0e46812b92a074ad8a014b923d821ead532aa/ruff-0.6.3-py3-none-manylinux_2_17_i686.manylinux2014_i686.whl", hash = "sha256:47021dff5445d549be954eb275156dfd7c37222acc1e8014311badcb9b4ec8c1", size = 10294802 },
    { url = "https://files.pythonhosted.org/packages/03/8b/56ef687b3489c88886dea48c78fb4969b6b65f18007d0ac450070edd1f58/ruff-0.6.3-py3-none-manylinux_2_17_ppc64.manylinux2014_ppc64.whl", hash = "sha256:7d7bd20dc07cebd68cc8bc7b3f5ada6d637f42d947c85264f94b0d1cd9d87384", size = 11022372 },
    { url = "https://files.pythonhosted.org/packages/a5/21/327d147feb442adb88975e81e2263102789eba9ad2afa102c661912a482f/ruff-0.6.3-py3-none-manylinux_2_17_ppc64le.manylinux2014_ppc64le.whl", hash = "sha256:500f166d03fc6d0e61c8e40a3ff853fa8a43d938f5d14c183c612df1b0d6c58a", size = 10596596 },
    { url = "https://files.pythonhosted.org/packages/6c/86/ff386de63729da3e08c8099c57f577a00ec9f3eea711b23ac07cf3588dc5/ruff-0.6.3-py3-none-manylinux_2_17_s390x.manylinux2014_s390x.whl", hash = "sha256:42844ff678f9b976366b262fa2d1d1a3fe76f6e145bd92c84e27d172e3c34500", size = 11572830 },
    { url = "https://files.pythonhosted.org/packages/38/5d/b33284c108e3f315ddd09b70296fd76bd28ecf8965a520bc93f3bbd8ac40/ruff-0.6.3-py3-none-manylinux_2_17_x86_64.manylinux2014_x86_64.whl", hash = "sha256:70452a10eb2d66549de8e75f89ae82462159855e983ddff91bc0bce6511d0470", size = 10262577 },
    { url = "https://files.pythonhosted.org/packages/29/99/9cdfad0d7f460e66567236eddc691473791afd9aff93a0dfcdef0462a6c7/ruff-0.6.3-py3-none-musllinux_1_2_aarch64.whl", hash = "sha256:65a533235ed55f767d1fc62193a21cbf9e3329cf26d427b800fdeacfb77d296f", size = 10098751 },
    { url = "https://files.pythonhosted.org/packages/a8/9f/f801a1619f5549e552f1f722f1db57eb39e7e1d83d482133142781d450de/ruff-0.6.3-py3-none-musllinux_1_2_armv7l.whl", hash = "sha256:d2e2c23cef30dc3cbe9cc5d04f2899e7f5e478c40d2e0a633513ad081f7361b5", size = 9563859 },
    { url = "https://files.pythonhosted.org/packages/0b/4d/fb2424faf04ffdb960ae2b3a1d991c5183dd981003de727d2d5cc38abc98/ruff-0.6.3-py3-none-musllinux_1_2_i686.whl", hash = "sha256:d8a136aa7d228975a6aee3dd8bea9b28e2b43e9444aa678fb62aeb1956ff2351", size = 9914291 },
    { url = "https://files.pythonhosted.org/packages/2e/dd/94fddf002a8f6152e8ebfbb51d3f93febc415c1fe694345623c31ce8b33b/ruff-0.6.3-py3-none-musllinux_1_2_x86_64.whl", hash = "sha256:f92fe93bc72e262b7b3f2bba9879897e2d58a989b4714ba6a5a7273e842ad2f8", size = 10331549 },
    { url = "https://files.pythonhosted.org/packages/b4/73/ca9c2f9237a430ca423b6dca83b77e9a428afeb7aec80596e86c369123fe/ruff-0.6.3-py3-none-win32.whl", hash = "sha256:7a62d3b5b0d7f9143d94893f8ba43aa5a5c51a0ffc4a401aa97a81ed76930521", size = 7962163 },
    { url = "https://files.pythonhosted.org/packages/55/ce/061c605b1dfb52748d59bc0c7a8507546c178801156415773d18febfd71d/ruff-0.6.3-py3-none-win_amd64.whl", hash = "sha256:746af39356fee2b89aada06c7376e1aa274a23493d7016059c3a72e3b296befb", size = 8800901 },
    { url = "https://files.pythonhosted.org/packages/63/28/ae4ffe7d3b6134ca6d31ebef07447ef70097c4a9e8fbbc519b374c5c1559/ruff-0.6.3-py3-none-win_arm64.whl", hash = "sha256:14a9528a8b70ccc7a847637c29e56fd1f9183a9db743bbc5b8e0c4ad60592a82", size = 8229171 },
]

[[package]]
name = "six"
version = "1.16.0"
source = { registry = "https://pypi.org/simple" }
sdist = { url = "https://files.pythonhosted.org/packages/71/39/171f1c67cd00715f190ba0b100d606d440a28c93c7714febeca8b79af85e/six-1.16.0.tar.gz", hash = "sha256:1e61c37477a1626458e36f7b1d82aa5c9b094fa4802892072e49de9c60c4c926", size = 34041 }
wheels = [
    { url = "https://files.pythonhosted.org/packages/d9/5a/e7c31adbe875f2abbb91bd84cf2dc52d792b5a01506781dbcf25c91daf11/six-1.16.0-py2.py3-none-any.whl", hash = "sha256:8abb2f1d86890a2dfb989f9a77cfcfd3e47c2a354b01111771326f8aa26e0254", size = 11053 },
]

[[package]]
name = "tomli"
version = "2.0.1"
source = { registry = "https://pypi.org/simple" }
sdist = { url = "https://files.pythonhosted.org/packages/c0/3f/d7af728f075fb08564c5949a9c95e44352e23dee646869fa104a3b2060a3/tomli-2.0.1.tar.gz", hash = "sha256:de526c12914f0c550d15924c62d72abc48d6fe7364aa87328337a31007fe8a4f", size = 15164 }
wheels = [
    { url = "https://files.pythonhosted.org/packages/97/75/10a9ebee3fd790d20926a90a2547f0bf78f371b2f13aa822c759680ca7b9/tomli-2.0.1-py3-none-any.whl", hash = "sha256:939de3e7a6161af0c887ef91b7d41a53e7c5a1ca976325f429cb46ea9bc30ecc", size = 12757 },
]

[[package]]
name = "typing-extensions"
version = "4.12.2"
source = { registry = "https://pypi.org/simple" }
sdist = { url = "https://files.pythonhosted.org/packages/df/db/f35a00659bc03fec321ba8bce9420de607a1d37f8342eee1863174c69557/typing_extensions-4.12.2.tar.gz", hash = "sha256:1a7ead55c7e559dd4dee8856e3a88b41225abfe1ce8df57b7c13915fe121ffb8", size = 85321 }
wheels = [
    { url = "https://files.pythonhosted.org/packages/26/9f/ad63fc0248c5379346306f8668cda6e2e2e9c95e01216d2b8ffd9ff037d0/typing_extensions-4.12.2-py3-none-any.whl", hash = "sha256:04e5ca0351e0f3f85c6853954072df659d0d13fac324d0072316b67d7794700d", size = 37438 },
]

[[package]]
name = "unidecode"
version = "1.3.8"
source = { registry = "https://pypi.org/simple" }
sdist = { url = "https://files.pythonhosted.org/packages/f7/89/19151076a006b9ac0dd37b1354e031f5297891ee507eb624755e58e10d3e/Unidecode-1.3.8.tar.gz", hash = "sha256:cfdb349d46ed3873ece4586b96aa75258726e2fa8ec21d6f00a591d98806c2f4", size = 192701 }
wheels = [
    { url = "https://files.pythonhosted.org/packages/84/b7/6ec57841fb67c98f52fc8e4a2d96df60059637cba077edc569a302a8ffc7/Unidecode-1.3.8-py3-none-any.whl", hash = "sha256:d130a61ce6696f8148a3bd8fe779c99adeb4b870584eeb9526584e9aa091fd39", size = 235494 },
]
